Microsoft Visual Studio Solution File, Format Version 9.00
# Visual Studio 2005
Project("{8BC9CEB8-8B4A-11D0-8D11-00A0C91BC942}") = "libz", "thirdparty\libz\libz.vcproj", "{81FB1E54-0DBF-4D7D-92F5-A7774E531CE2}"
EndProject
Project("{8BC9CEB8-8B4A-11D0-8D11-00A0C91BC942}") = "libjpeg", "thirdparty\libjpeg\libjpeg.vcproj", "{E6239DF5-EDC5-4B5F-8848-98DC19299D4B}"
EndProject
Project("{8BC9CEB8-8B4A-11D0-8D11-00A0C91BC942}") = "libpcre", "thirdparty\libpcre\libpcre.vcproj", "{6DE03F12-1D0B-4B70-A6C2-939EFF044931}"
EndProject
Project("{8BC9CEB8-8B4A-11D0-8D11-00A0C91BC942}") = "libpng", "thirdparty\libpng\libpng.vcproj", "{09791ABE-810B-4424-B3CE-F7FEDA2299DE}"
EndProject
Project("{8BC9CEB8-8B4A-11D0-8D11-00A0C91BC942}") = "engine-community", "engine\engine.vcproj", "{FA4E9876-B625-48F4-8311-AA74B180E714}"
EndProject
Project("{8BC9CEB8-8B4A-11D0-8D11-00A0C91BC942}") = "standalone-community", "engine\standalone.vcproj", "{90699A04-E42A-460B-B294-40DDC3E6166B}"
EndProject
Project("{8BC9CEB8-8B4A-11D0-8D11-00A0C91BC942}") = "revbrowser", "revbrowser\revbrowser.vcproj", "{9EF7E3FF-92D7-401E-BB4F-3F5B359DB131}"
EndProject
Project("{8BC9CEB8-8B4A-11D0-8D11-00A0C91BC942}") = "libexternal", "libexternal\libexternal.vcproj", "{4E727414-3B14-45B7-9B89-BFFFE396E1C9}"
EndProject
Project("{8BC9CEB8-8B4A-11D0-8D11-00A0C91BC942}") = "revzip", "revzip\revzip.vcproj", "{7AF59CBB-422A-4A1A-81E1-3D7CFC2476EC}"
EndProject
Project("{8BC9CEB8-8B4A-11D0-8D11-00A0C91BC942}") = "libzip", "thirdparty\libzip\libzip.vcproj", "{E91D3281-5C22-459B-9F6C-E53D0082D863}"
EndProject
Project("{8BC9CEB8-8B4A-11D0-8D11-00A0C91BC942}") = "libxml", "thirdparty\libxml\libxml.vcproj", "{8E776621-28FF-4FBF-A2F3-F4198EE9F7B7}"
EndProject
Project("{8BC9CEB8-8B4A-11D0-8D11-00A0C91BC942}") = "revxml", "revxml\revxml.vcproj", "{1C770AD2-4389-40A7-9175-1A611A60AC26}"
EndProject
Project("{8BC9CEB8-8B4A-11D0-8D11-00A0C91BC942}") = "revspeech", "revspeech\revspeech.vcproj", "{E3870709-D646-4E0A-9B47-66F6BE65BE27}"
EndProject
Project("{8BC9CEB8-8B4A-11D0-8D11-00A0C91BC942}") = "revfont", "revfont\revfont.vcproj", "{27BB9EF6-EB35-4CD3-871C-E58B7F1DE52C}"
EndProject
Project("{8BC9CEB8-8B4A-11D0-8D11-00A0C91BC942}") = "libsqlite", "thirdparty\libsqlite\libsqlite.vcproj", "{12E2521B-484E-4983-B5FB-9055EF88CFD7}"
EndProject
Project("{8BC9CEB8-8B4A-11D0-8D11-00A0C91BC942}") = "revdb", "revdb\revdb.vcproj", "{874815F5-9FB4-4AC1-889C-BC8A91A59691}"
EndProject
Project("{8BC9CEB8-8B4A-11D0-8D11-00A0C91BC942}") = "dbsqlite", "revdb\dbsqlite.vcproj", "{E1ABE389-A476-4405-9523-6D3E74683B0B}"
	ProjectSection(ProjectDependencies) = postProject
		{4E727414-3B14-45B7-9B89-BFFFE396E1C9} = {4E727414-3B14-45B7-9B89-BFFFE396E1C9}
	EndProjectSection
EndProject
Project("{8BC9CEB8-8B4A-11D0-8D11-00A0C91BC942}") = "dbodbc", "revdb\dbodbc.vcproj", "{BD4F7077-E4FF-4877-A81F-2917388B3051}"
	ProjectSection(ProjectDependencies) = postProject
		{4E727414-3B14-45B7-9B89-BFFFE396E1C9} = {4E727414-3B14-45B7-9B89-BFFFE396E1C9}
	EndProjectSection
EndProject
Project("{8BC9CEB8-8B4A-11D0-8D11-00A0C91BC942}") = "libpq", "thirdparty\libpq\libpq.vcproj", "{B4E94682-5E05-4B6F-B924-CE2D9B562D65}"
EndProject
Project("{8BC9CEB8-8B4A-11D0-8D11-00A0C91BC942}") = "dbpostgresql", "revdb\dbpostgresql.vcproj", "{BD11236A-47BF-4EDA-A9D4-DD5AA25E8E85}"
EndProject
Project("{8BC9CEB8-8B4A-11D0-8D11-00A0C91BC942}") = "dbmysql", "revdb\dbmysql.vcproj", "{55AA74F3-7903-4411-BDFD-410E30D8E5DB}"
EndProject
Project("{8BC9CEB8-8B4A-11D0-8D11-00A0C91BC942}") = "libmysql", "thirdparty\libmysql\libmysql.vcproj", "{3BD92092-335B-4A08-B724-F739DA8C81B8}"
EndProject
Project("{8BC9CEB8-8B4A-11D0-8D11-00A0C91BC942}") = "revvideograbber", "revvideograbber\revvideograbber.vcproj", "{FED8E7CC-84FB-4C76-BB8C-6F61C7695EF5}"
EndProject
Project("{8BC9CEB8-8B4A-11D0-8D11-00A0C91BC942}") = "kernel", "engine\kernel.vcproj", "{36960D7E-AD16-47BB-BA13-3770A224EC41}"
	ProjectSection(ProjectDependencies) = postProject
		{0FC47D0C-58FE-41D6-A473-E7AFFA33CEEE} = {0FC47D0C-58FE-41D6-A473-E7AFFA33CEEE}
		{6DE03F12-1D0B-4B70-A6C2-939EFF044931} = {6DE03F12-1D0B-4B70-A6C2-939EFF044931}
		{81FB1E54-0DBF-4D7D-92F5-A7774E531CE2} = {81FB1E54-0DBF-4D7D-92F5-A7774E531CE2}
		{09791ABE-810B-4424-B3CE-F7FEDA2299DE} = {09791ABE-810B-4424-B3CE-F7FEDA2299DE}
		{E6239DF5-EDC5-4B5F-8848-98DC19299D4B} = {E6239DF5-EDC5-4B5F-8848-98DC19299D4B}
	EndProjectSection
EndProject
Project("{8BC9CEB8-8B4A-11D0-8D11-00A0C91BC942}") = "libcore", "libcore\libcore.vcproj", "{6899CD7E-BE16-44CE-A28B-27304F42E127}"
EndProject
Project("{8BC9CEB8-8B4A-11D0-8D11-00A0C91BC942}") = "libcairo", "thirdparty\libcairo\libcairo.vcproj", "{5F1837C3-649E-4F70-B157-243BF819D1F8}"
EndProject
Project("{8BC9CEB8-8B4A-11D0-8D11-00A0C91BC942}") = "revpdfprinter", "revpdfprinter\revpdfprinter.vcproj", "{2473A7B1-AEA0-4406-9ED9-883009CEA171}"
EndProject
Project("{8BC9CEB8-8B4A-11D0-8D11-00A0C91BC942}") = "installer", "engine\installer.vcproj", "{41F124A0-E224-461C-9F18-8D45829E02EA}"
EndProject
Project("{8BC9CEB8-8B4A-11D0-8D11-00A0C91BC942}") = "libsqlitedataset", "thirdparty\libsqlite\libsqlitedataset.vcproj", "{800EB145-66B0-4C2C-97C0-A3C92E0156D1}"
EndProject
Project("{8BC9CEB8-8B4A-11D0-8D11-00A0C91BC942}") = "libexternalv1", "libexternalv1\libexternalv1.vcproj", "{A9FF8A8E-0A4D-43C4-B1C0-EDBB47681AC8}"
EndProject
Project("{8BC9CEB8-8B4A-11D0-8D11-00A0C91BC942}") = "revandroid", "revmobile\revandroid.vcproj", "{1B9ADC87-EB90-4E50-BC80-C1C7D2F40BD4}"
EndProject
Project("{8BC9CEB8-8B4A-11D0-8D11-00A0C91BC942}") = "libgif", "thirdparty\libgif\libgif.vcproj", "{09751ABE-310B-4324-BACE-F7FFDA2299DE}"
EndProject
Project("{8BC9CEB8-8B4A-11D0-8D11-00A0C91BC942}") = "libopenssl", "thirdparty\libopenssl\libopenssl.vcproj", "{0FC47D0C-58FE-41D6-A473-E7AFFA33CEEE}"
EndProject
Project("{8BC9CEB8-8B4A-11D0-8D11-00A0C91BC942}") = "libgraphics", "libgraphics\libgraphics.vcproj", "{F9B1E2E6-8FD9-48C2-8D5C-9900865E7096}"
EndProject
Project("{8BC9CEB8-8B4A-11D0-8D11-00A0C91BC942}") = "libskia", "thirdparty\libskia\libskia.vcproj", "{24B711E0-E67B-4EC7-9EC5-913BE3D6A047}"
EndProject
Project("{8BC9CEB8-8B4A-11D0-8D11-00A0C91BC942}") = "kernel-development", "engine\kernel-development.vcproj", "{0491E47C-B996-4DBF-8D26-C88263DF6176}"
	ProjectSection(ProjectDependencies) = postProject
		{36960D7E-AD16-47BB-BA13-3770A224EC41} = {36960D7E-AD16-47BB-BA13-3770A224EC41}
	EndProjectSection
EndProject
Project("{8BC9CEB8-8B4A-11D0-8D11-00A0C91BC942}") = "libxslt", "thirdparty\libxslt\libxslt.vcproj", "{8E776621-28FF-4FBF-A2F3-F4598AEAF8B7}"
EndProject
Project("{8BC9CEB8-8B4A-11D0-8D11-00A0C91BC942}") = "kernel-standalone", "engine\kernel-standalone.vcproj", "{0491E47C-B096-4DBF-8D26-C28364DF6176}"
EndProject
Global
	GlobalSection(SolutionConfigurationPlatforms) = preSolution
		Debug|Win32 = Debug|Win32
		Release|Win32 = Release|Win32
	EndGlobalSection
	GlobalSection(ProjectConfigurationPlatforms) = postSolution
		{81FB1E54-0DBF-4D7D-92F5-A7774E531CE2}.Debug|Win32.ActiveCfg = Debug|Win32
		{81FB1E54-0DBF-4D7D-92F5-A7774E531CE2}.Debug|Win32.Build.0 = Debug|Win32
		{81FB1E54-0DBF-4D7D-92F5-A7774E531CE2}.Release|Win32.ActiveCfg = Release|Win32
		{81FB1E54-0DBF-4D7D-92F5-A7774E531CE2}.Release|Win32.Build.0 = Release|Win32
		{E6239DF5-EDC5-4B5F-8848-98DC19299D4B}.Debug|Win32.ActiveCfg = Debug|Win32
		{E6239DF5-EDC5-4B5F-8848-98DC19299D4B}.Debug|Win32.Build.0 = Debug|Win32
		{E6239DF5-EDC5-4B5F-8848-98DC19299D4B}.Release|Win32.ActiveCfg = Release|Win32
		{E6239DF5-EDC5-4B5F-8848-98DC19299D4B}.Release|Win32.Build.0 = Release|Win32
		{6DE03F12-1D0B-4B70-A6C2-939EFF044931}.Debug|Win32.ActiveCfg = Debug|Win32
		{6DE03F12-1D0B-4B70-A6C2-939EFF044931}.Debug|Win32.Build.0 = Debug|Win32
		{6DE03F12-1D0B-4B70-A6C2-939EFF044931}.Release|Win32.ActiveCfg = Release|Win32
		{6DE03F12-1D0B-4B70-A6C2-939EFF044931}.Release|Win32.Build.0 = Release|Win32
		{09791ABE-810B-4424-B3CE-F7FEDA2299DE}.Debug|Win32.ActiveCfg = Debug|Win32
		{09791ABE-810B-4424-B3CE-F7FEDA2299DE}.Debug|Win32.Build.0 = Debug|Win32
		{09791ABE-810B-4424-B3CE-F7FEDA2299DE}.Release|Win32.ActiveCfg = Release|Win32
		{09791ABE-810B-4424-B3CE-F7FEDA2299DE}.Release|Win32.Build.0 = Release|Win32
		{FA4E9876-B625-48F4-8311-AA74B180E714}.Debug|Win32.ActiveCfg = Debug|Win32
		{FA4E9876-B625-48F4-8311-AA74B180E714}.Debug|Win32.Build.0 = Debug|Win32
		{FA4E9876-B625-48F4-8311-AA74B180E714}.Release|Win32.ActiveCfg = Release|Win32
		{FA4E9876-B625-48F4-8311-AA74B180E714}.Release|Win32.Build.0 = Release|Win32
		{90699A04-E42A-460B-B294-40DDC3E6166B}.Debug|Win32.ActiveCfg = Debug|Win32
		{90699A04-E42A-460B-B294-40DDC3E6166B}.Debug|Win32.Build.0 = Debug|Win32
		{90699A04-E42A-460B-B294-40DDC3E6166B}.Release|Win32.ActiveCfg = Release|Win32
		{90699A04-E42A-460B-B294-40DDC3E6166B}.Release|Win32.Build.0 = Release|Win32
		{9EF7E3FF-92D7-401E-BB4F-3F5B359DB131}.Debug|Win32.ActiveCfg = Debug|Win32
		{9EF7E3FF-92D7-401E-BB4F-3F5B359DB131}.Debug|Win32.Build.0 = Debug|Win32
		{9EF7E3FF-92D7-401E-BB4F-3F5B359DB131}.Release|Win32.ActiveCfg = Release|Win32
		{9EF7E3FF-92D7-401E-BB4F-3F5B359DB131}.Release|Win32.Build.0 = Release|Win32
		{4E727414-3B14-45B7-9B89-BFFFE396E1C9}.Debug|Win32.ActiveCfg = Debug|Win32
		{4E727414-3B14-45B7-9B89-BFFFE396E1C9}.Debug|Win32.Build.0 = Debug|Win32
		{4E727414-3B14-45B7-9B89-BFFFE396E1C9}.Release|Win32.ActiveCfg = Release|Win32
		{4E727414-3B14-45B7-9B89-BFFFE396E1C9}.Release|Win32.Build.0 = Release|Win32
		{7AF59CBB-422A-4A1A-81E1-3D7CFC2476EC}.Debug|Win32.ActiveCfg = Debug|Win32
		{7AF59CBB-422A-4A1A-81E1-3D7CFC2476EC}.Debug|Win32.Build.0 = Debug|Win32
		{7AF59CBB-422A-4A1A-81E1-3D7CFC2476EC}.Release|Win32.ActiveCfg = Release|Win32
		{7AF59CBB-422A-4A1A-81E1-3D7CFC2476EC}.Release|Win32.Build.0 = Release|Win32
		{E91D3281-5C22-459B-9F6C-E53D0082D863}.Debug|Win32.ActiveCfg = Debug|Win32
		{E91D3281-5C22-459B-9F6C-E53D0082D863}.Debug|Win32.Build.0 = Debug|Win32
		{E91D3281-5C22-459B-9F6C-E53D0082D863}.Release|Win32.ActiveCfg = Release|Win32
		{E91D3281-5C22-459B-9F6C-E53D0082D863}.Release|Win32.Build.0 = Release|Win32
		{8E776621-28FF-4FBF-A2F3-F4198EE9F7B7}.Debug|Win32.ActiveCfg = Debug|Win32
		{8E776621-28FF-4FBF-A2F3-F4198EE9F7B7}.Debug|Win32.Build.0 = Debug|Win32
		{8E776621-28FF-4FBF-A2F3-F4198EE9F7B7}.Release|Win32.ActiveCfg = Release|Win32
		{8E776621-28FF-4FBF-A2F3-F4198EE9F7B7}.Release|Win32.Build.0 = Release|Win32
		{1C770AD2-4389-40A7-9175-1A611A60AC26}.Debug|Win32.ActiveCfg = Debug|Win32
		{1C770AD2-4389-40A7-9175-1A611A60AC26}.Debug|Win32.Build.0 = Debug|Win32
		{1C770AD2-4389-40A7-9175-1A611A60AC26}.Release|Win32.ActiveCfg = Release|Win32
		{1C770AD2-4389-40A7-9175-1A611A60AC26}.Release|Win32.Build.0 = Release|Win32
		{E3870709-D646-4E0A-9B47-66F6BE65BE27}.Debug|Win32.ActiveCfg = Debug|Win32
		{E3870709-D646-4E0A-9B47-66F6BE65BE27}.Debug|Win32.Build.0 = Debug|Win32
		{E3870709-D646-4E0A-9B47-66F6BE65BE27}.Release|Win32.ActiveCfg = Release|Win32
		{E3870709-D646-4E0A-9B47-66F6BE65BE27}.Release|Win32.Build.0 = Release|Win32
		{27BB9EF6-EB35-4CD3-871C-E58B7F1DE52C}.Debug|Win32.ActiveCfg = Debug|Win32
		{27BB9EF6-EB35-4CD3-871C-E58B7F1DE52C}.Debug|Win32.Build.0 = Debug|Win32
		{27BB9EF6-EB35-4CD3-871C-E58B7F1DE52C}.Release|Win32.ActiveCfg = Release|Win32
		{27BB9EF6-EB35-4CD3-871C-E58B7F1DE52C}.Release|Win32.Build.0 = Release|Win32
		{12E2521B-484E-4983-B5FB-9055EF88CFD7}.Debug|Win32.ActiveCfg = Debug|Win32
		{12E2521B-484E-4983-B5FB-9055EF88CFD7}.Debug|Win32.Build.0 = Debug|Win32
		{12E2521B-484E-4983-B5FB-9055EF88CFD7}.Release|Win32.ActiveCfg = Release|Win32
		{12E2521B-484E-4983-B5FB-9055EF88CFD7}.Release|Win32.Build.0 = Release|Win32
		{874815F5-9FB4-4AC1-889C-BC8A91A59691}.Debug|Win32.ActiveCfg = Debug|Win32
		{874815F5-9FB4-4AC1-889C-BC8A91A59691}.Debug|Win32.Build.0 = Debug|Win32
		{874815F5-9FB4-4AC1-889C-BC8A91A59691}.Release|Win32.ActiveCfg = Release|Win32
		{874815F5-9FB4-4AC1-889C-BC8A91A59691}.Release|Win32.Build.0 = Release|Win32
		{E1ABE389-A476-4405-9523-6D3E74683B0B}.Debug|Win32.ActiveCfg = Debug|Win32
		{E1ABE389-A476-4405-9523-6D3E74683B0B}.Debug|Win32.Build.0 = Debug|Win32
		{E1ABE389-A476-4405-9523-6D3E74683B0B}.Release|Win32.ActiveCfg = Release|Win32
		{E1ABE389-A476-4405-9523-6D3E74683B0B}.Release|Win32.Build.0 = Release|Win32
		{BD4F7077-E4FF-4877-A81F-2917388B3051}.Debug|Win32.ActiveCfg = Debug|Win32
		{BD4F7077-E4FF-4877-A81F-2917388B3051}.Debug|Win32.Build.0 = Debug|Win32
		{BD4F7077-E4FF-4877-A81F-2917388B3051}.Release|Win32.ActiveCfg = Release|Win32
		{BD4F7077-E4FF-4877-A81F-2917388B3051}.Release|Win32.Build.0 = Release|Win32
		{B4E94682-5E05-4B6F-B924-CE2D9B562D65}.Debug|Win32.ActiveCfg = Debug|Win32
		{B4E94682-5E05-4B6F-B924-CE2D9B562D65}.Debug|Win32.Build.0 = Debug|Win32
		{B4E94682-5E05-4B6F-B924-CE2D9B562D65}.Release|Win32.ActiveCfg = Release|Win32
		{B4E94682-5E05-4B6F-B924-CE2D9B562D65}.Release|Win32.Build.0 = Release|Win32
		{BD11236A-47BF-4EDA-A9D4-DD5AA25E8E85}.Debug|Win32.ActiveCfg = Debug|Win32
		{BD11236A-47BF-4EDA-A9D4-DD5AA25E8E85}.Debug|Win32.Build.0 = Debug|Win32
		{BD11236A-47BF-4EDA-A9D4-DD5AA25E8E85}.Release|Win32.ActiveCfg = Release|Win32
		{BD11236A-47BF-4EDA-A9D4-DD5AA25E8E85}.Release|Win32.Build.0 = Release|Win32
		{55AA74F3-7903-4411-BDFD-410E30D8E5DB}.Debug|Win32.ActiveCfg = Debug|Win32
		{55AA74F3-7903-4411-BDFD-410E30D8E5DB}.Debug|Win32.Build.0 = Debug|Win32
		{55AA74F3-7903-4411-BDFD-410E30D8E5DB}.Release|Win32.ActiveCfg = Release|Win32
		{55AA74F3-7903-4411-BDFD-410E30D8E5DB}.Release|Win32.Build.0 = Release|Win32
		{3BD92092-335B-4A08-B724-F739DA8C81B8}.Debug|Win32.ActiveCfg = Debug|Win32
		{3BD92092-335B-4A08-B724-F739DA8C81B8}.Debug|Win32.Build.0 = Debug|Win32
		{3BD92092-335B-4A08-B724-F739DA8C81B8}.Release|Win32.ActiveCfg = Release|Win32
		{3BD92092-335B-4A08-B724-F739DA8C81B8}.Release|Win32.Build.0 = Release|Win32
		{FED8E7CC-84FB-4C76-BB8C-6F61C7695EF5}.Debug|Win32.ActiveCfg = Debug|Win32
		{FED8E7CC-84FB-4C76-BB8C-6F61C7695EF5}.Debug|Win32.Build.0 = Debug|Win32
		{FED8E7CC-84FB-4C76-BB8C-6F61C7695EF5}.Release|Win32.ActiveCfg = Release|Win32
		{FED8E7CC-84FB-4C76-BB8C-6F61C7695EF5}.Release|Win32.Build.0 = Release|Win32
		{36960D7E-AD16-47BB-BA13-3770A224EC41}.Debug|Win32.ActiveCfg = Debug|Win32
		{36960D7E-AD16-47BB-BA13-3770A224EC41}.Debug|Win32.Build.0 = Debug|Win32
		{36960D7E-AD16-47BB-BA13-3770A224EC41}.Release|Win32.ActiveCfg = Release|Win32
		{36960D7E-AD16-47BB-BA13-3770A224EC41}.Release|Win32.Build.0 = Release|Win32
		{6899CD7E-BE16-44CE-A28B-27304F42E127}.Debug|Win32.ActiveCfg = Debug|Win32
		{6899CD7E-BE16-44CE-A28B-27304F42E127}.Debug|Win32.Build.0 = Debug|Win32
		{6899CD7E-BE16-44CE-A28B-27304F42E127}.Release|Win32.ActiveCfg = Release|Win32
		{6899CD7E-BE16-44CE-A28B-27304F42E127}.Release|Win32.Build.0 = Release|Win32
		{5F1837C3-649E-4F70-B157-243BF819D1F8}.Debug|Win32.ActiveCfg = Debug|Win32
		{5F1837C3-649E-4F70-B157-243BF819D1F8}.Debug|Win32.Build.0 = Debug|Win32
		{5F1837C3-649E-4F70-B157-243BF819D1F8}.Release|Win32.ActiveCfg = Release|Win32
		{5F1837C3-649E-4F70-B157-243BF819D1F8}.Release|Win32.Build.0 = Release|Win32
		{2473A7B1-AEA0-4406-9ED9-883009CEA171}.Debug|Win32.ActiveCfg = Debug|Win32
		{2473A7B1-AEA0-4406-9ED9-883009CEA171}.Debug|Win32.Build.0 = Debug|Win32
		{2473A7B1-AEA0-4406-9ED9-883009CEA171}.Release|Win32.ActiveCfg = Release|Win32
		{2473A7B1-AEA0-4406-9ED9-883009CEA171}.Release|Win32.Build.0 = Release|Win32
		{41F124A0-E224-461C-9F18-8D45829E02EA}.Debug|Win32.ActiveCfg = Debug|Win32
		{41F124A0-E224-461C-9F18-8D45829E02EA}.Debug|Win32.Build.0 = Debug|Win32
		{41F124A0-E224-461C-9F18-8D45829E02EA}.Release|Win32.ActiveCfg = Release|Win32
		{41F124A0-E224-461C-9F18-8D45829E02EA}.Release|Win32.Build.0 = Release|Win32
		{800EB145-66B0-4C2C-97C0-A3C92E0156D1}.Debug|Win32.ActiveCfg = Debug|Win32
		{800EB145-66B0-4C2C-97C0-A3C92E0156D1}.Debug|Win32.Build.0 = Debug|Win32
		{800EB145-66B0-4C2C-97C0-A3C92E0156D1}.Release|Win32.ActiveCfg = Release|Win32
		{800EB145-66B0-4C2C-97C0-A3C92E0156D1}.Release|Win32.Build.0 = Release|Win32
		{A9FF8A8E-0A4D-43C4-B1C0-EDBB47681AC8}.Debug|Win32.ActiveCfg = Debug|Win32
		{A9FF8A8E-0A4D-43C4-B1C0-EDBB47681AC8}.Debug|Win32.Build.0 = Debug|Win32
		{A9FF8A8E-0A4D-43C4-B1C0-EDBB47681AC8}.Release|Win32.ActiveCfg = Release|Win32
		{A9FF8A8E-0A4D-43C4-B1C0-EDBB47681AC8}.Release|Win32.Build.0 = Release|Win32
		{1B9ADC87-EB90-4E50-BC80-C1C7D2F40BD4}.Debug|Win32.ActiveCfg = Debug|Win32
		{1B9ADC87-EB90-4E50-BC80-C1C7D2F40BD4}.Debug|Win32.Build.0 = Debug|Win32
		{1B9ADC87-EB90-4E50-BC80-C1C7D2F40BD4}.Release|Win32.ActiveCfg = Release|Win32
		{1B9ADC87-EB90-4E50-BC80-C1C7D2F40BD4}.Release|Win32.Build.0 = Release|Win32
		{09751ABE-310B-4324-BACE-F7FFDA2299DE}.Debug|Win32.ActiveCfg = Debug|Win32
		{09751ABE-310B-4324-BACE-F7FFDA2299DE}.Debug|Win32.Build.0 = Debug|Win32
		{09751ABE-310B-4324-BACE-F7FFDA2299DE}.Release|Win32.ActiveCfg = Release|Win32
		{09751ABE-310B-4324-BACE-F7FFDA2299DE}.Release|Win32.Build.0 = Release|Win32
		{0FC47D0C-58FE-41D6-A473-E7AFFA33CEEE}.Debug|Win32.ActiveCfg = Debug|Win32
		{0FC47D0C-58FE-41D6-A473-E7AFFA33CEEE}.Debug|Win32.Build.0 = Debug|Win32
		{0FC47D0C-58FE-41D6-A473-E7AFFA33CEEE}.Release|Win32.ActiveCfg = Release|Win32
		{0FC47D0C-58FE-41D6-A473-E7AFFA33CEEE}.Release|Win32.Build.0 = Release|Win32
		{F9B1E2E6-8FD9-48C2-8D5C-9900865E7096}.Debug|Win32.ActiveCfg = Debug|Win32
		{F9B1E2E6-8FD9-48C2-8D5C-9900865E7096}.Debug|Win32.Build.0 = Debug|Win32
		{F9B1E2E6-8FD9-48C2-8D5C-9900865E7096}.Release|Win32.ActiveCfg = Release|Win32
		{F9B1E2E6-8FD9-48C2-8D5C-9900865E7096}.Release|Win32.Build.0 = Release|Win32
		{24B711E0-E67B-4EC7-9EC5-913BE3D6A047}.Debug|Win32.ActiveCfg = Debug|Win32
		{24B711E0-E67B-4EC7-9EC5-913BE3D6A047}.Debug|Win32.Build.0 = Debug|Win32
		{24B711E0-E67B-4EC7-9EC5-913BE3D6A047}.Release|Win32.ActiveCfg = Release|Win32
		{24B711E0-E67B-4EC7-9EC5-913BE3D6A047}.Release|Win32.Build.0 = Release|Win32
		{0491E47C-B996-4DBF-8D26-C88263DF6176}.Debug|Win32.ActiveCfg = Debug|Win32
		{0491E47C-B996-4DBF-8D26-C88263DF6176}.Debug|Win32.Build.0 = Debug|Win32
		{0491E47C-B996-4DBF-8D26-C88263DF6176}.Release|Win32.ActiveCfg = Release|Win32
		{0491E47C-B996-4DBF-8D26-C88263DF6176}.Release|Win32.Build.0 = Release|Win32
		{8E776621-28FF-4FBF-A2F3-F4598AEAF8B7}.Debug|Win32.ActiveCfg = Debug|Win32
		{8E776621-28FF-4FBF-A2F3-F4598AEAF8B7}.Debug|Win32.Build.0 = Debug|Win32
		{8E776621-28FF-4FBF-A2F3-F4598AEAF8B7}.Release|Win32.ActiveCfg = Release|Win32
		{8E776621-28FF-4FBF-A2F3-F4598AEAF8B7}.Release|Win32.Build.0 = Release|Win32
		{0491E47C-B096-4DBF-8D26-C28364DF6176}.Debug|Win32.ActiveCfg = Debug|Win32
		{0491E47C-B096-4DBF-8D26-C28364DF6176}.Debug|Win32.Build.0 = Debug|Win32
		{0491E47C-B096-4DBF-8D26-C28364DF6176}.Release|Win32.ActiveCfg = Release|Win32
		{0491E47C-B096-4DBF-8D26-C28364DF6176}.Release|Win32.Build.0 = Release|Win32
	EndGlobalSection
	GlobalSection(SolutionProperties) = preSolution
		HideSolutionNode = FALSE
	EndGlobalSection
EndGlobal
