// !$*UTF8*$!
{
	archiveVersion = 1;
	classes = {
	};
	objectVersion = 46;
	objects = {

/* Begin PBXAggregateTarget section */
		E8DAE4741714288100B96A87 /* all */ = {
			isa = PBXAggregateTarget;
			buildConfigurationList = E8DAE4751714288100B96A87 /* Build configuration list for PBXAggregateTarget "all" */;
			buildPhases = (
			);
			dependencies = (
				E8DAE479171428B100B96A87 /* PBXTargetDependency */,
				E8DAE47B171428B100B96A87 /* PBXTargetDependency */,
				E8DAE47D171428B100B96A87 /* PBXTargetDependency */,
				E8DAE47F171428B100B96A87 /* PBXTargetDependency */,
				E8DAE481171428B100B96A87 /* PBXTargetDependency */,
				E8DAE483171428B100B96A87 /* PBXTargetDependency */,
				E8DAE485171428B100B96A87 /* PBXTargetDependency */,
				E8DAE487171428B100B96A87 /* PBXTargetDependency */,
				E8DAE489171428B100B96A87 /* PBXTargetDependency */,
				E8DAE48B171428B100B96A87 /* PBXTargetDependency */,
				E8DAE48F171428B100B96A87 /* PBXTargetDependency */,
				E8DAE491171428B100B96A87 /* PBXTargetDependency */,
				E8DAE493171428B100B96A87 /* PBXTargetDependency */,
				4D9BF3D4171445BB00B32D29 /* PBXTargetDependency */,
				4D9BF4C01714474E00B32D29 /* PBXTargetDependency */,
				4D9B6AD917144CC5001349F2 /* PBXTargetDependency */,
				4D9B6ADB17144CC5001349F2 /* PBXTargetDependency */,
				4D9B6ADD17144CC5001349F2 /* PBXTargetDependency */,
				4D9B6ADF17144CC5001349F2 /* PBXTargetDependency */,
				4D9B6AE117144CC5001349F2 /* PBXTargetDependency */,
				4D9B6AE317144CC5001349F2 /* PBXTargetDependency */,
				4D9B6AE517144CC5001349F2 /* PBXTargetDependency */,
				4D9B6AE717144CC5001349F2 /* PBXTargetDependency */,
				4D9B6AE917144CC5001349F2 /* PBXTargetDependency */,
				4D9B6AEB17144CC5001349F2 /* PBXTargetDependency */,
			);
			name = all;
			productName = all;
		};
/* End PBXAggregateTarget section */

/* Begin PBXContainerItemProxy section */
		4D657F10171434BA0086071B /* PBXContainerItemProxy */ = {
			isa = PBXContainerItemProxy;
			containerPortal = E8DAE4151714277D00B96A87 /* revdb.xcodeproj */;
			proxyType = 2;
			remoteGlobalIDString = 4D6758FE0A79F9A400FA96D2;
			remoteInfo = revdb;
		};
		4D657F12171434BA0086071B /* PBXContainerItemProxy */ = {
			isa = PBXContainerItemProxy;
			containerPortal = E8DAE4151714277D00B96A87 /* revdb.xcodeproj */;
			proxyType = 2;
			remoteGlobalIDString = 4D004B7C0BCF75EC00A70446;
			remoteInfo = dbsqlite;
		};
		4D657F14171434BA0086071B /* PBXContainerItemProxy */ = {
			isa = PBXContainerItemProxy;
			containerPortal = E8DAE4151714277D00B96A87 /* revdb.xcodeproj */;
			proxyType = 2;
			remoteGlobalIDString = 4DE669560C4385E90084FE0B;
			remoteInfo = dbmysql;
		};
		4D657F16171434BA0086071B /* PBXContainerItemProxy */ = {
			isa = PBXContainerItemProxy;
			containerPortal = E8DAE4151714277D00B96A87 /* revdb.xcodeproj */;
			proxyType = 2;
			remoteGlobalIDString = 4DE66E850C43BA570084FE0B;
			remoteInfo = dbpostgresql;
		};
		4D657F18171434BA0086071B /* PBXContainerItemProxy */ = {
			isa = PBXContainerItemProxy;
			containerPortal = E8DAE4151714277D00B96A87 /* revdb.xcodeproj */;
			proxyType = 2;
			remoteGlobalIDString = 4DE672490C43F2EA0084FE0B;
			remoteInfo = dbodbc;
		};
		4D87F8CC171D96F2003DBF85 /* PBXContainerItemProxy */ = {
			isa = PBXContainerItemProxy;
			containerPortal = E8DAE3DB1714271C00B96A87 /* engine.xcodeproj */;
			proxyType = 2;
			remoteGlobalIDString = 4D1F9D17171C67B00091C6CB;
			remoteInfo = "kernel-server";
		};
		4D87F8CE171D96F2003DBF85 /* PBXContainerItemProxy */ = {
			isa = PBXContainerItemProxy;
			containerPortal = E8DAE3DB1714271C00B96A87 /* engine.xcodeproj */;
			proxyType = 2;
			remoteGlobalIDString = 4D221A9E171D58A700E7E557;
			remoteInfo = "kernel-development";
		};
		4D87F8D0171D96F2003DBF85 /* PBXContainerItemProxy */ = {
			isa = PBXContainerItemProxy;
			containerPortal = E8DAE3DB1714271C00B96A87 /* engine.xcodeproj */;
			proxyType = 2;
			remoteGlobalIDString = 4D221AF6171D5EC500E7E557;
			remoteInfo = "kernel-standalone";
		};
		4D87F8D2171D96F2003DBF85 /* PBXContainerItemProxy */ = {
			isa = PBXContainerItemProxy;
			containerPortal = E8DAE3DB1714271C00B96A87 /* engine.xcodeproj */;
			proxyType = 2;
			remoteGlobalIDString = 4D1F9C2E171C64320091C6CB;
			remoteInfo = "security-community";
		};
		4D9B6AD817144CC5001349F2 /* PBXContainerItemProxy */ = {
			isa = PBXContainerItemProxy;
			containerPortal = E8DAE4151714277D00B96A87 /* revdb.xcodeproj */;
			proxyType = 1;
			remoteGlobalIDString = 4D6758FD0A79F9A400FA96D2;
			remoteInfo = revdb;
		};
		4D9B6ADA17144CC5001349F2 /* PBXContainerItemProxy */ = {
			isa = PBXContainerItemProxy;
			containerPortal = E8DAE4151714277D00B96A87 /* revdb.xcodeproj */;
			proxyType = 1;
			remoteGlobalIDString = 4D004B6F0BCF75EC00A70446;
			remoteInfo = dbsqlite;
		};
		4D9B6ADC17144CC5001349F2 /* PBXContainerItemProxy */ = {
			isa = PBXContainerItemProxy;
			containerPortal = E8DAE4151714277D00B96A87 /* revdb.xcodeproj */;
			proxyType = 1;
			remoteGlobalIDString = 4DE669440C4385E90084FE0B;
			remoteInfo = dbmysql;
		};
		4D9B6ADE17144CC5001349F2 /* PBXContainerItemProxy */ = {
			isa = PBXContainerItemProxy;
			containerPortal = E8DAE4151714277D00B96A87 /* revdb.xcodeproj */;
			proxyType = 1;
			remoteGlobalIDString = 4DE66E720C43BA570084FE0B;
			remoteInfo = dbpostgresql;
		};
		4D9B6AE017144CC5001349F2 /* PBXContainerItemProxy */ = {
			isa = PBXContainerItemProxy;
			containerPortal = E8DAE4151714277D00B96A87 /* revdb.xcodeproj */;
			proxyType = 1;
			remoteGlobalIDString = 4DE672370C43F2EA0084FE0B;
			remoteInfo = dbodbc;
		};
		4D9B6AE217144CC5001349F2 /* PBXContainerItemProxy */ = {
			isa = PBXContainerItemProxy;
			containerPortal = E8DAE4151714277D00B96A87 /* revdb.xcodeproj */;
			proxyType = 1;
			remoteGlobalIDString = 4D9BF4D51714479600B32D29;
			remoteInfo = "server-revdb";
		};
		4D9B6AE417144CC5001349F2 /* PBXContainerItemProxy */ = {
			isa = PBXContainerItemProxy;
			containerPortal = E8DAE4151714277D00B96A87 /* revdb.xcodeproj */;
			proxyType = 1;
			remoteGlobalIDString = 4D9BF4DC171447A000B32D29;
			remoteInfo = "server-dbsqlite";
		};
		4D9B6AE617144CC5001349F2 /* PBXContainerItemProxy */ = {
			isa = PBXContainerItemProxy;
			containerPortal = E8DAE4151714277D00B96A87 /* revdb.xcodeproj */;
			proxyType = 1;
			remoteGlobalIDString = 4D9BF4F6171447C200B32D29;
			remoteInfo = "server-dbmysql";
		};
		4D9B6AE817144CC5001349F2 /* PBXContainerItemProxy */ = {
			isa = PBXContainerItemProxy;
			containerPortal = E8DAE4151714277D00B96A87 /* revdb.xcodeproj */;
			proxyType = 1;
			remoteGlobalIDString = 4D9B68CD171449D2001349F2;
			remoteInfo = "server-dbpostgresql";
		};
		4D9B6AEA17144CC5001349F2 /* PBXContainerItemProxy */ = {
			isa = PBXContainerItemProxy;
			containerPortal = E8DAE4151714277D00B96A87 /* revdb.xcodeproj */;
			proxyType = 1;
			remoteGlobalIDString = 4D9BF4FD171447CB00B32D29;
			remoteInfo = "server-dbodbc";
		};
		4D9B6AF917144CE4001349F2 /* PBXContainerItemProxy */ = {
			isa = PBXContainerItemProxy;
			containerPortal = E8DAE4151714277D00B96A87 /* revdb.xcodeproj */;
			proxyType = 2;
			remoteGlobalIDString = 4D9B68CE171449D2001349F2;
			remoteInfo = "server-dbpostgresql";
		};
		4D9BF3D3171445BB00B32D29 /* PBXContainerItemProxy */ = {
			isa = PBXContainerItemProxy;
			containerPortal = E8DAE451171427BA00B96A87 /* revzip.xcodeproj */;
			proxyType = 1;
			remoteGlobalIDString = E82D458A1713231200A10289;
			remoteInfo = "server-revzip";
		};
		4D9BF3EE1714461300B32D29 /* PBXContainerItemProxy */ = {
			isa = PBXContainerItemProxy;
			containerPortal = E8DAE448171427B400B96A87 /* revxml.xcodeproj */;
			proxyType = 2;
			remoteGlobalIDString = 4D9BF3E6171445F500B32D29;
			remoteInfo = "server-revxml";
		};
		4D9BF4BF1714474E00B32D29 /* PBXContainerItemProxy */ = {
			isa = PBXContainerItemProxy;
			containerPortal = E8DAE448171427B400B96A87 /* revxml.xcodeproj */;
			proxyType = 1;
			remoteGlobalIDString = 4D9BF3E5171445F500B32D29;
			remoteInfo = "server-revxml";
		};
		4D9BF4E8171447A800B32D29 /* PBXContainerItemProxy */ = {
			isa = PBXContainerItemProxy;
			containerPortal = E8DAE4151714277D00B96A87 /* revdb.xcodeproj */;
			proxyType = 2;
			remoteGlobalIDString = 4D9BF4D61714479600B32D29;
			remoteInfo = "server-revdb";
		};
		4D9BF4EA171447A800B32D29 /* PBXContainerItemProxy */ = {
			isa = PBXContainerItemProxy;
			containerPortal = E8DAE4151714277D00B96A87 /* revdb.xcodeproj */;
			proxyType = 2;
			remoteGlobalIDString = 4D9BF4DD171447A000B32D29;
			remoteInfo = "server-dbsqlite";
		};
		4D9BF503171447E900B32D29 /* PBXContainerItemProxy */ = {
			isa = PBXContainerItemProxy;
			containerPortal = E8DAE4151714277D00B96A87 /* revdb.xcodeproj */;
			proxyType = 2;
			remoteGlobalIDString = 4D9BF4F7171447C200B32D29;
			remoteInfo = "server-dbmysql";
		};
		4D9BF505171447E900B32D29 /* PBXContainerItemProxy */ = {
			isa = PBXContainerItemProxy;
			containerPortal = E8DAE4151714277D00B96A87 /* revdb.xcodeproj */;
			proxyType = 2;
			remoteGlobalIDString = 4D9BF4FE171447CB00B32D29;
			remoteInfo = "server-dbodbc";
		};
		E8DAE3EA1714271D00B96A87 /* PBXContainerItemProxy */ = {
			isa = PBXContainerItemProxy;
			containerPortal = E8DAE3DB1714271C00B96A87 /* engine.xcodeproj */;
			proxyType = 2;
			remoteGlobalIDString = 4D587DA20B80945B00200116;
			remoteInfo = LiveCode;
		};
		E8DAE3EC1714271D00B96A87 /* PBXContainerItemProxy */ = {
			isa = PBXContainerItemProxy;
			containerPortal = E8DAE3DB1714271C00B96A87 /* engine.xcodeproj */;
			proxyType = 2;
			remoteGlobalIDString = 4DE18D930B82296A0086DB92;
			remoteInfo = standalone;
		};
		E8DAE3EE1714271D00B96A87 /* PBXContainerItemProxy */ = {
			isa = PBXContainerItemProxy;
			containerPortal = E8DAE3DB1714271C00B96A87 /* engine.xcodeproj */;
			proxyType = 2;
			remoteGlobalIDString = 4D2A57D81198634300135143;
			remoteInfo = installer;
		};
		E8DAE3F01714271D00B96A87 /* PBXContainerItemProxy */ = {
			isa = PBXContainerItemProxy;
			containerPortal = E8DAE3DB1714271C00B96A87 /* engine.xcodeproj */;
			proxyType = 2;
			remoteGlobalIDString = 4DEE29F60FDE41BE0009423C;
			remoteInfo = kernel;
		};
		E8DAE3F21714271D00B96A87 /* PBXContainerItemProxy */ = {
			isa = PBXContainerItemProxy;
			containerPortal = E8DAE3DB1714271C00B96A87 /* engine.xcodeproj */;
			proxyType = 2;
			remoteGlobalIDString = 4DFD483E13BA2843008DB91F;
			remoteInfo = server;
		};
		E8DAE3F91714275C00B96A87 /* PBXContainerItemProxy */ = {
			isa = PBXContainerItemProxy;
			containerPortal = E8DAE3F41714275B00B96A87 /* revbrowser.xcodeproj */;
			proxyType = 2;
			remoteGlobalIDString = 4DF42AA80B0488CE003F2D95;
			remoteInfo = revbrowser;
		};
		E8DAE41C1714279200B96A87 /* PBXContainerItemProxy */ = {
			isa = PBXContainerItemProxy;
			containerPortal = E8DAE4161714279200B96A87 /* revfont.xcodeproj */;
			proxyType = 2;
			remoteGlobalIDString = 4D6758FE0A79F9A400FA96D2;
			remoteInfo = revfont;
		};
		E8DAE4271714279E00B96A87 /* PBXContainerItemProxy */ = {
			isa = PBXContainerItemProxy;
			containerPortal = E8DAE41E1714279E00B96A87 /* revandroid.xcodeproj */;
			proxyType = 2;
			remoteGlobalIDString = 4D8F6A26113D13510056ED41;
			remoteInfo = revandroid;
		};
		E8DAE42B1714279E00B96A87 /* PBXContainerItemProxy */ = {
			isa = PBXContainerItemProxy;
			containerPortal = E8DAE4221714279E00B96A87 /* reviphone.xcodeproj */;
			proxyType = 2;
			remoteGlobalIDString = 4D8F6A26113D13510056ED41;
			remoteInfo = reviphone;
		};
		E8DAE42D1714279E00B96A87 /* PBXContainerItemProxy */ = {
			isa = PBXContainerItemProxy;
			containerPortal = E8DAE4221714279E00B96A87 /* reviphone.xcodeproj */;
			proxyType = 2;
			remoteGlobalIDString = 4D8C22211212A72200DA8A58;
			remoteInfo = reviphoneproxy;
		};
		E8DAE437171427A400B96A87 /* PBXContainerItemProxy */ = {
			isa = PBXContainerItemProxy;
			containerPortal = E8DAE42F171427A400B96A87 /* revpdfprinter.xcodeproj */;
			proxyType = 2;
			remoteGlobalIDString = 4D6758FE0A79F9A400FA96D2;
			remoteInfo = revpdfprinter;
		};
		E8DAE43E171427A800B96A87 /* PBXContainerItemProxy */ = {
			isa = PBXContainerItemProxy;
			containerPortal = E8DAE439171427A800B96A87 /* revspeech.xcodeproj */;
			proxyType = 2;
			remoteGlobalIDString = E82D44A11713199700A10289;
			remoteInfo = revspeech;
		};
		E8DAE446171427B000B96A87 /* PBXContainerItemProxy */ = {
			isa = PBXContainerItemProxy;
			containerPortal = E8DAE440171427B000B96A87 /* revvideograbber.xcodeproj */;
			proxyType = 2;
			remoteGlobalIDString = 4D6758FE0A79F9A400FA96D2;
			remoteInfo = revvideograbber;
		};
		E8DAE44F171427B500B96A87 /* PBXContainerItemProxy */ = {
			isa = PBXContainerItemProxy;
			containerPortal = E8DAE448171427B400B96A87 /* revxml.xcodeproj */;
			proxyType = 2;
			remoteGlobalIDString = 4D6758FE0A79F9A400FA96D2;
			remoteInfo = revxml;
		};
		E8DAE459171427BA00B96A87 /* PBXContainerItemProxy */ = {
			isa = PBXContainerItemProxy;
			containerPortal = E8DAE451171427BA00B96A87 /* revzip.xcodeproj */;
			proxyType = 2;
			remoteGlobalIDString = E82D44D717131C3400A10289;
			remoteInfo = revzip;
		};
		E8DAE45B171427BA00B96A87 /* PBXContainerItemProxy */ = {
			isa = PBXContainerItemProxy;
			containerPortal = E8DAE451171427BA00B96A87 /* revzip.xcodeproj */;
			proxyType = 2;
			remoteGlobalIDString = E82D458B1713231200A10289;
			remoteInfo = "server-revzip";
		};
		E8DAE478171428B100B96A87 /* PBXContainerItemProxy */ = {
			isa = PBXContainerItemProxy;
			containerPortal = E8DAE3DB1714271C00B96A87 /* engine.xcodeproj */;
			proxyType = 1;
			remoteGlobalIDString = 4D587DA10B80945B00200116;
			remoteInfo = LiveCode;
		};
		E8DAE47A171428B100B96A87 /* PBXContainerItemProxy */ = {
			isa = PBXContainerItemProxy;
			containerPortal = E8DAE3DB1714271C00B96A87 /* engine.xcodeproj */;
			proxyType = 1;
			remoteGlobalIDString = 4DE18CED0B82296A0086DB92;
			remoteInfo = standalone;
		};
		E8DAE47C171428B100B96A87 /* PBXContainerItemProxy */ = {
			isa = PBXContainerItemProxy;
			containerPortal = E8DAE3DB1714271C00B96A87 /* engine.xcodeproj */;
			proxyType = 1;
			remoteGlobalIDString = 4D2A57991198634300135143;
			remoteInfo = installer;
		};
		E8DAE47E171428B100B96A87 /* PBXContainerItemProxy */ = {
			isa = PBXContainerItemProxy;
			containerPortal = E8DAE3DB1714271C00B96A87 /* engine.xcodeproj */;
			proxyType = 1;
			remoteGlobalIDString = 4DFD483D13BA2843008DB91F;
			remoteInfo = server;
		};
		E8DAE480171428B100B96A87 /* PBXContainerItemProxy */ = {
			isa = PBXContainerItemProxy;
			containerPortal = E8DAE41E1714279E00B96A87 /* revandroid.xcodeproj */;
			proxyType = 1;
			remoteGlobalIDString = 4D8F6A25113D13510056ED41;
			remoteInfo = revandroid;
		};
		E8DAE482171428B100B96A87 /* PBXContainerItemProxy */ = {
			isa = PBXContainerItemProxy;
			containerPortal = E8DAE439171427A800B96A87 /* revspeech.xcodeproj */;
			proxyType = 1;
			remoteGlobalIDString = E82D44A01713199700A10289;
			remoteInfo = revspeech;
		};
		E8DAE484171428B100B96A87 /* PBXContainerItemProxy */ = {
			isa = PBXContainerItemProxy;
			containerPortal = E8DAE448171427B400B96A87 /* revxml.xcodeproj */;
			proxyType = 1;
			remoteGlobalIDString = 4D6758FD0A79F9A400FA96D2;
			remoteInfo = revxml;
		};
		E8DAE486171428B100B96A87 /* PBXContainerItemProxy */ = {
			isa = PBXContainerItemProxy;
			containerPortal = E8DAE3F41714275B00B96A87 /* revbrowser.xcodeproj */;
			proxyType = 1;
			remoteGlobalIDString = 4DF42AA70B0488CE003F2D95;
			remoteInfo = revbrowser;
		};
		E8DAE488171428B100B96A87 /* PBXContainerItemProxy */ = {
			isa = PBXContainerItemProxy;
			containerPortal = E8DAE451171427BA00B96A87 /* revzip.xcodeproj */;
			proxyType = 1;
			remoteGlobalIDString = E82D44D617131C3400A10289;
			remoteInfo = revzip;
		};
		E8DAE48A171428B100B96A87 /* PBXContainerItemProxy */ = {
			isa = PBXContainerItemProxy;
			containerPortal = E8DAE4221714279E00B96A87 /* reviphone.xcodeproj */;
			proxyType = 1;
			remoteGlobalIDString = 4D8F6A25113D13510056ED41;
			remoteInfo = reviphone;
		};
		E8DAE48E171428B100B96A87 /* PBXContainerItemProxy */ = {
			isa = PBXContainerItemProxy;
			containerPortal = E8DAE42F171427A400B96A87 /* revpdfprinter.xcodeproj */;
			proxyType = 1;
			remoteGlobalIDString = 4D6758FD0A79F9A400FA96D2;
			remoteInfo = revpdfprinter;
		};
		E8DAE490171428B100B96A87 /* PBXContainerItemProxy */ = {
			isa = PBXContainerItemProxy;
			containerPortal = E8DAE4161714279200B96A87 /* revfont.xcodeproj */;
			proxyType = 1;
			remoteGlobalIDString = 4D6758FD0A79F9A400FA96D2;
			remoteInfo = revfont;
		};
		E8DAE492171428B100B96A87 /* PBXContainerItemProxy */ = {
			isa = PBXContainerItemProxy;
			containerPortal = E8DAE440171427B000B96A87 /* revvideograbber.xcodeproj */;
			proxyType = 1;
			remoteGlobalIDString = 4D6758FD0A79F9A400FA96D2;
			remoteInfo = revvideograbber;
		};
/* End PBXContainerItemProxy section */

/* Begin PBXFileReference section */
		E8DAE3DB1714271C00B96A87 /* engine.xcodeproj */ = {isa = PBXFileReference; lastKnownFileType = "wrapper.pb-project"; name = engine.xcodeproj; path = engine/engine.xcodeproj; sourceTree = "<group>"; };
		E8DAE3F41714275B00B96A87 /* revbrowser.xcodeproj */ = {isa = PBXFileReference; lastKnownFileType = "wrapper.pb-project"; name = revbrowser.xcodeproj; path = revbrowser/revbrowser.xcodeproj; sourceTree = "<group>"; };
		E8DAE4151714277D00B96A87 /* revdb.xcodeproj */ = {isa = PBXFileReference; lastKnownFileType = "wrapper.pb-project"; name = revdb.xcodeproj; path = engine/../revdb/revdb.xcodeproj; sourceTree = "<group>"; };
		E8DAE4161714279200B96A87 /* revfont.xcodeproj */ = {isa = PBXFileReference; lastKnownFileType = "wrapper.pb-project"; name = revfont.xcodeproj; path = revfont/revfont.xcodeproj; sourceTree = "<group>"; };
		E8DAE41E1714279E00B96A87 /* revandroid.xcodeproj */ = {isa = PBXFileReference; lastKnownFileType = "wrapper.pb-project"; name = revandroid.xcodeproj; path = revmobile/revandroid.xcodeproj; sourceTree = "<group>"; };
		E8DAE4221714279E00B96A87 /* reviphone.xcodeproj */ = {isa = PBXFileReference; lastKnownFileType = "wrapper.pb-project"; name = reviphone.xcodeproj; path = revmobile/reviphone.xcodeproj; sourceTree = "<group>"; };
		E8DAE42F171427A400B96A87 /* revpdfprinter.xcodeproj */ = {isa = PBXFileReference; lastKnownFileType = "wrapper.pb-project"; name = revpdfprinter.xcodeproj; path = revpdfprinter/revpdfprinter.xcodeproj; sourceTree = "<group>"; };
		E8DAE439171427A800B96A87 /* revspeech.xcodeproj */ = {isa = PBXFileReference; lastKnownFileType = "wrapper.pb-project"; name = revspeech.xcodeproj; path = revspeech/revspeech.xcodeproj; sourceTree = "<group>"; };
		E8DAE440171427B000B96A87 /* revvideograbber.xcodeproj */ = {isa = PBXFileReference; lastKnownFileType = "wrapper.pb-project"; name = revvideograbber.xcodeproj; path = revvideograbber/revvideograbber.xcodeproj; sourceTree = "<group>"; };
		E8DAE448171427B400B96A87 /* revxml.xcodeproj */ = {isa = PBXFileReference; lastKnownFileType = "wrapper.pb-project"; name = revxml.xcodeproj; path = revxml/revxml.xcodeproj; sourceTree = "<group>"; };
		E8DAE451171427BA00B96A87 /* revzip.xcodeproj */ = {isa = PBXFileReference; lastKnownFileType = "wrapper.pb-project"; name = revzip.xcodeproj; path = revzip/revzip.xcodeproj; sourceTree = "<group>"; };
		E8DAE4711714284E00B96A87 /* Debug.xcconfig */ = {isa = PBXFileReference; lastKnownFileType = text.xcconfig; name = Debug.xcconfig; path = rules/Debug.xcconfig; sourceTree = "<group>"; };
		E8DAE4721714284E00B96A87 /* Global.xcconfig */ = {isa = PBXFileReference; lastKnownFileType = text.xcconfig; name = Global.xcconfig; path = rules/Global.xcconfig; sourceTree = "<group>"; };
		E8DAE4731714284E00B96A87 /* Release.xcconfig */ = {isa = PBXFileReference; lastKnownFileType = text.xcconfig; name = Release.xcconfig; path = rules/Release.xcconfig; sourceTree = "<group>"; };
/* End PBXFileReference section */

/* Begin PBXGroup section */
		4D657F09171434BA0086071B /* Products */ = {
			isa = PBXGroup;
			children = (
				4D657F11171434BA0086071B /* revdb.bundle */,
				4D657F13171434BA0086071B /* dbsqlite.bundle */,
				4D657F15171434BA0086071B /* dbmysql.bundle */,
				4D657F17171434BA0086071B /* dbpostgresql.bundle */,
				4D657F19171434BA0086071B /* dbodbc.bundle */,
				4D9BF4E9171447A800B32D29 /* server-revdb.dylib */,
				4D9BF4EB171447A800B32D29 /* server-dbsqlite.dylib */,
				4D9BF504171447E900B32D29 /* server-dbmysql.dylib */,
				4D9B6AFA17144CE4001349F2 /* server-dbpostgresql.dylib */,
				4D9BF506171447E900B32D29 /* server-dbodbc.dylib */,
			);
			name = Products;
			sourceTree = "<group>";
		};
		E8DAE3D31714259A00B96A87 = {
			isa = PBXGroup;
			children = (
				E8DAE4701714283A00B96A87 /* Configurations */,
				E8DAE3DA1714270E00B96A87 /* Projects */,
			);
			sourceTree = "<group>";
		};
		E8DAE3DA1714270E00B96A87 /* Projects */ = {
			isa = PBXGroup;
			children = (
				E8DAE451171427BA00B96A87 /* revzip.xcodeproj */,
				E8DAE448171427B400B96A87 /* revxml.xcodeproj */,
				E8DAE440171427B000B96A87 /* revvideograbber.xcodeproj */,
				E8DAE439171427A800B96A87 /* revspeech.xcodeproj */,
				E8DAE42F171427A400B96A87 /* revpdfprinter.xcodeproj */,
				E8DAE41E1714279E00B96A87 /* revandroid.xcodeproj */,
				E8DAE4221714279E00B96A87 /* reviphone.xcodeproj */,
				E8DAE4161714279200B96A87 /* revfont.xcodeproj */,
				E8DAE4151714277D00B96A87 /* revdb.xcodeproj */,
				E8DAE3F41714275B00B96A87 /* revbrowser.xcodeproj */,
				E8DAE3DB1714271C00B96A87 /* engine.xcodeproj */,
			);
			name = Projects;
			sourceTree = "<group>";
		};
		E8DAE3DC1714271C00B96A87 /* Products */ = {
			isa = PBXGroup;
			children = (
				E8DAE3F11714271D00B96A87 /* libkernel.a */,
				4D87F8CD171D96F2003DBF85 /* libkernel-server.a */,
				4D87F8CF171D96F2003DBF85 /* libkernel-development.a */,
				4D87F8D1171D96F2003DBF85 /* libkernel-standalone.a */,
				4D87F8D3171D96F2003DBF85 /* libsecurity-community.a */,
				E8DAE3EB1714271D00B96A87 /* LiveCode-Community.app */,
				E8DAE3ED1714271D00B96A87 /* Standalone-Community.app */,
				E8DAE3F31714271D00B96A87 /* Server-Community */,
				E8DAE3EF1714271D00B96A87 /* Installer.app */,
			);
			name = Products;
			sourceTree = "<group>";
		};
		E8DAE3F51714275B00B96A87 /* Products */ = {
			isa = PBXGroup;
			children = (
				E8DAE3FA1714275C00B96A87 /* revbrowser.bundle */,
			);
			name = Products;
			sourceTree = "<group>";
		};
		E8DAE4171714279200B96A87 /* Products */ = {
			isa = PBXGroup;
			children = (
				E8DAE41D1714279200B96A87 /* revfont.bundle */,
			);
			name = Products;
			sourceTree = "<group>";
		};
		E8DAE41F1714279E00B96A87 /* Products */ = {
			isa = PBXGroup;
			children = (
				E8DAE4281714279E00B96A87 /* revandroid.bundle */,
			);
			name = Products;
			sourceTree = "<group>";
		};
		E8DAE4231714279E00B96A87 /* Products */ = {
			isa = PBXGroup;
			children = (
				E8DAE42C1714279E00B96A87 /* reviphone.bundle */,
				E8DAE42E1714279E00B96A87 /* reviphoneproxy */,
			);
			name = Products;
			sourceTree = "<group>";
		};
		E8DAE430171427A400B96A87 /* Products */ = {
			isa = PBXGroup;
			children = (
				E8DAE438171427A400B96A87 /* revpdfprinter.bundle */,
			);
			name = Products;
			sourceTree = "<group>";
		};
		E8DAE43A171427A800B96A87 /* Products */ = {
			isa = PBXGroup;
			children = (
				E8DAE43F171427A800B96A87 /* revspeech.bundle */,
			);
			name = Products;
			sourceTree = "<group>";
		};
		E8DAE441171427B000B96A87 /* Products */ = {
			isa = PBXGroup;
			children = (
				E8DAE447171427B000B96A87 /* revvideograbber.bundle */,
			);
			name = Products;
			sourceTree = "<group>";
		};
		E8DAE449171427B400B96A87 /* Products */ = {
			isa = PBXGroup;
			children = (
				E8DAE450171427B500B96A87 /* revxml.bundle */,
				4D9BF3EF1714461300B32D29 /* server-revxml.dylib */,
			);
			name = Products;
			sourceTree = "<group>";
		};
		E8DAE452171427BA00B96A87 /* Products */ = {
			isa = PBXGroup;
			children = (
				E8DAE45A171427BA00B96A87 /* revzip.bundle */,
				E8DAE45C171427BA00B96A87 /* server-revzip.dylib */,
			);
			name = Products;
			sourceTree = "<group>";
		};
		E8DAE4701714283A00B96A87 /* Configurations */ = {
			isa = PBXGroup;
			children = (
				E8DAE4711714284E00B96A87 /* Debug.xcconfig */,
				E8DAE4721714284E00B96A87 /* Global.xcconfig */,
				E8DAE4731714284E00B96A87 /* Release.xcconfig */,
			);
			name = Configurations;
			sourceTree = "<group>";
		};
/* End PBXGroup section */

/* Begin PBXProject section */
		E8DAE3D41714259A00B96A87 /* Project object */ = {
			isa = PBXProject;
			attributes = {
				LastUpgradeCheck = 0460;
			};
			buildConfigurationList = E8DAE3D71714259A00B96A87 /* Build configuration list for PBXProject "stage" */;
			compatibilityVersion = "Xcode 3.2";
			developmentRegion = English;
			hasScannedForEncodings = 0;
			knownRegions = (
				en,
			);
			mainGroup = E8DAE3D31714259A00B96A87;
			projectDirPath = "";
			projectReferences = (
				{
					ProductGroup = E8DAE3DC1714271C00B96A87 /* Products */;
					ProjectRef = E8DAE3DB1714271C00B96A87 /* engine.xcodeproj */;
				},
				{
					ProductGroup = E8DAE41F1714279E00B96A87 /* Products */;
					ProjectRef = E8DAE41E1714279E00B96A87 /* revandroid.xcodeproj */;
				},
				{
					ProductGroup = E8DAE3F51714275B00B96A87 /* Products */;
					ProjectRef = E8DAE3F41714275B00B96A87 /* revbrowser.xcodeproj */;
				},
				{
					ProductGroup = 4D657F09171434BA0086071B /* Products */;
					ProjectRef = E8DAE4151714277D00B96A87 /* revdb.xcodeproj */;
				},
				{
					ProductGroup = E8DAE4171714279200B96A87 /* Products */;
					ProjectRef = E8DAE4161714279200B96A87 /* revfont.xcodeproj */;
				},
				{
					ProductGroup = E8DAE4231714279E00B96A87 /* Products */;
					ProjectRef = E8DAE4221714279E00B96A87 /* reviphone.xcodeproj */;
				},
				{
					ProductGroup = E8DAE430171427A400B96A87 /* Products */;
					ProjectRef = E8DAE42F171427A400B96A87 /* revpdfprinter.xcodeproj */;
				},
				{
					ProductGroup = E8DAE43A171427A800B96A87 /* Products */;
					ProjectRef = E8DAE439171427A800B96A87 /* revspeech.xcodeproj */;
				},
				{
					ProductGroup = E8DAE441171427B000B96A87 /* Products */;
					ProjectRef = E8DAE440171427B000B96A87 /* revvideograbber.xcodeproj */;
				},
				{
					ProductGroup = E8DAE449171427B400B96A87 /* Products */;
					ProjectRef = E8DAE448171427B400B96A87 /* revxml.xcodeproj */;
				},
				{
					ProductGroup = E8DAE452171427BA00B96A87 /* Products */;
					ProjectRef = E8DAE451171427BA00B96A87 /* revzip.xcodeproj */;
				},
			);
			projectRoot = "";
			targets = (
				E8DAE4741714288100B96A87 /* all */,
			);
		};
/* End PBXProject section */

/* Begin PBXReferenceProxy section */
		4D657F11171434BA0086071B /* revdb.bundle */ = {
			isa = PBXReferenceProxy;
			fileType = wrapper.cfbundle;
			path = revdb.bundle;
			remoteRef = 4D657F10171434BA0086071B /* PBXContainerItemProxy */;
			sourceTree = BUILT_PRODUCTS_DIR;
		};
		4D657F13171434BA0086071B /* dbsqlite.bundle */ = {
			isa = PBXReferenceProxy;
			fileType = wrapper.cfbundle;
			path = dbsqlite.bundle;
			remoteRef = 4D657F12171434BA0086071B /* PBXContainerItemProxy */;
			sourceTree = BUILT_PRODUCTS_DIR;
		};
		4D657F15171434BA0086071B /* dbmysql.bundle */ = {
			isa = PBXReferenceProxy;
			fileType = wrapper.cfbundle;
			path = dbmysql.bundle;
			remoteRef = 4D657F14171434BA0086071B /* PBXContainerItemProxy */;
			sourceTree = BUILT_PRODUCTS_DIR;
		};
		4D657F17171434BA0086071B /* dbpostgresql.bundle */ = {
			isa = PBXReferenceProxy;
			fileType = wrapper.cfbundle;
			path = dbpostgresql.bundle;
			remoteRef = 4D657F16171434BA0086071B /* PBXContainerItemProxy */;
			sourceTree = BUILT_PRODUCTS_DIR;
		};
		4D657F19171434BA0086071B /* dbodbc.bundle */ = {
			isa = PBXReferenceProxy;
			fileType = wrapper.cfbundle;
			path = dbodbc.bundle;
			remoteRef = 4D657F18171434BA0086071B /* PBXContainerItemProxy */;
			sourceTree = BUILT_PRODUCTS_DIR;
		};
		4D87F8CD171D96F2003DBF85 /* libkernel-server.a */ = {
			isa = PBXReferenceProxy;
			fileType = archive.ar;
			path = "libkernel-server.a";
			remoteRef = 4D87F8CC171D96F2003DBF85 /* PBXContainerItemProxy */;
			sourceTree = BUILT_PRODUCTS_DIR;
		};
		4D87F8CF171D96F2003DBF85 /* libkernel-development.a */ = {
			isa = PBXReferenceProxy;
			fileType = archive.ar;
			path = "libkernel-development.a";
			remoteRef = 4D87F8CE171D96F2003DBF85 /* PBXContainerItemProxy */;
			sourceTree = BUILT_PRODUCTS_DIR;
		};
		4D87F8D1171D96F2003DBF85 /* libkernel-standalone.a */ = {
			isa = PBXReferenceProxy;
			fileType = archive.ar;
			path = "libkernel-standalone.a";
			remoteRef = 4D87F8D0171D96F2003DBF85 /* PBXContainerItemProxy */;
			sourceTree = BUILT_PRODUCTS_DIR;
		};
		4D87F8D3171D96F2003DBF85 /* libsecurity-community.a */ = {
			isa = PBXReferenceProxy;
			fileType = archive.ar;
			path = "libsecurity-community.a";
			remoteRef = 4D87F8D2171D96F2003DBF85 /* PBXContainerItemProxy */;
			sourceTree = BUILT_PRODUCTS_DIR;
		};
		4D9B6AFA17144CE4001349F2 /* server-dbpostgresql.dylib */ = {
			isa = PBXReferenceProxy;
			fileType = "compiled.mach-o.dylib";
			path = "server-dbpostgresql.dylib";
			remoteRef = 4D9B6AF917144CE4001349F2 /* PBXContainerItemProxy */;
			sourceTree = BUILT_PRODUCTS_DIR;
		};
		4D9BF3EF1714461300B32D29 /* server-revxml.dylib */ = {
			isa = PBXReferenceProxy;
			fileType = "compiled.mach-o.dylib";
			path = "server-revxml.dylib";
			remoteRef = 4D9BF3EE1714461300B32D29 /* PBXContainerItemProxy */;
			sourceTree = BUILT_PRODUCTS_DIR;
		};
		4D9BF4E9171447A800B32D29 /* server-revdb.dylib */ = {
			isa = PBXReferenceProxy;
			fileType = "compiled.mach-o.dylib";
			path = "server-revdb.dylib";
			remoteRef = 4D9BF4E8171447A800B32D29 /* PBXContainerItemProxy */;
			sourceTree = BUILT_PRODUCTS_DIR;
		};
		4D9BF4EB171447A800B32D29 /* server-dbsqlite.dylib */ = {
			isa = PBXReferenceProxy;
			fileType = "compiled.mach-o.dylib";
			path = "server-dbsqlite.dylib";
			remoteRef = 4D9BF4EA171447A800B32D29 /* PBXContainerItemProxy */;
			sourceTree = BUILT_PRODUCTS_DIR;
		};
		4D9BF504171447E900B32D29 /* server-dbmysql.dylib */ = {
			isa = PBXReferenceProxy;
			fileType = "compiled.mach-o.dylib";
			path = "server-dbmysql.dylib";
			remoteRef = 4D9BF503171447E900B32D29 /* PBXContainerItemProxy */;
			sourceTree = BUILT_PRODUCTS_DIR;
		};
		4D9BF506171447E900B32D29 /* server-dbodbc.dylib */ = {
			isa = PBXReferenceProxy;
			fileType = "compiled.mach-o.dylib";
			path = "server-dbodbc.dylib";
			remoteRef = 4D9BF505171447E900B32D29 /* PBXContainerItemProxy */;
			sourceTree = BUILT_PRODUCTS_DIR;
		};
		E8DAE3EB1714271D00B96A87 /* LiveCode-Community.app */ = {
			isa = PBXReferenceProxy;
			fileType = wrapper.application;
			path = "LiveCode-Community.app";
			remoteRef = E8DAE3EA1714271D00B96A87 /* PBXContainerItemProxy */;
			sourceTree = BUILT_PRODUCTS_DIR;
		};
		E8DAE3ED1714271D00B96A87 /* Standalone-Community.app */ = {
			isa = PBXReferenceProxy;
			fileType = wrapper.application;
			path = "Standalone-Community.app";
			remoteRef = E8DAE3EC1714271D00B96A87 /* PBXContainerItemProxy */;
			sourceTree = BUILT_PRODUCTS_DIR;
		};
		E8DAE3EF1714271D00B96A87 /* Installer.app */ = {
			isa = PBXReferenceProxy;
			fileType = wrapper.application;
			path = Installer.app;
			remoteRef = E8DAE3EE1714271D00B96A87 /* PBXContainerItemProxy */;
			sourceTree = BUILT_PRODUCTS_DIR;
		};
		E8DAE3F11714271D00B96A87 /* libkernel.a */ = {
			isa = PBXReferenceProxy;
			fileType = archive.ar;
			path = libkernel.a;
			remoteRef = E8DAE3F01714271D00B96A87 /* PBXContainerItemProxy */;
			sourceTree = BUILT_PRODUCTS_DIR;
		};
		E8DAE3F31714271D00B96A87 /* Server-Community */ = {
			isa = PBXReferenceProxy;
			fileType = "compiled.mach-o.executable";
			path = "Server-Community";
			remoteRef = E8DAE3F21714271D00B96A87 /* PBXContainerItemProxy */;
			sourceTree = BUILT_PRODUCTS_DIR;
		};
		E8DAE3FA1714275C00B96A87 /* revbrowser.bundle */ = {
			isa = PBXReferenceProxy;
			fileType = wrapper.cfbundle;
			path = revbrowser.bundle;
			remoteRef = E8DAE3F91714275C00B96A87 /* PBXContainerItemProxy */;
			sourceTree = BUILT_PRODUCTS_DIR;
		};
		E8DAE41D1714279200B96A87 /* revfont.bundle */ = {
			isa = PBXReferenceProxy;
			fileType = wrapper.cfbundle;
			path = revfont.bundle;
			remoteRef = E8DAE41C1714279200B96A87 /* PBXContainerItemProxy */;
			sourceTree = BUILT_PRODUCTS_DIR;
		};
		E8DAE4281714279E00B96A87 /* revandroid.bundle */ = {
			isa = PBXReferenceProxy;
			fileType = wrapper.cfbundle;
			path = revandroid.bundle;
			remoteRef = E8DAE4271714279E00B96A87 /* PBXContainerItemProxy */;
			sourceTree = BUILT_PRODUCTS_DIR;
		};
		E8DAE42C1714279E00B96A87 /* reviphone.bundle */ = {
			isa = PBXReferenceProxy;
			fileType = wrapper.cfbundle;
			path = reviphone.bundle;
			remoteRef = E8DAE42B1714279E00B96A87 /* PBXContainerItemProxy */;
			sourceTree = BUILT_PRODUCTS_DIR;
		};
		E8DAE42E1714279E00B96A87 /* reviphoneproxy */ = {
			isa = PBXReferenceProxy;
			fileType = "compiled.mach-o.executable";
			path = reviphoneproxy;
			remoteRef = E8DAE42D1714279E00B96A87 /* PBXContainerItemProxy */;
			sourceTree = BUILT_PRODUCTS_DIR;
		};
		E8DAE438171427A400B96A87 /* revpdfprinter.bundle */ = {
			isa = PBXReferenceProxy;
			fileType = wrapper.cfbundle;
			path = revpdfprinter.bundle;
			remoteRef = E8DAE437171427A400B96A87 /* PBXContainerItemProxy */;
			sourceTree = BUILT_PRODUCTS_DIR;
		};
		E8DAE43F171427A800B96A87 /* revspeech.bundle */ = {
			isa = PBXReferenceProxy;
			fileType = wrapper.cfbundle;
			path = revspeech.bundle;
			remoteRef = E8DAE43E171427A800B96A87 /* PBXContainerItemProxy */;
			sourceTree = BUILT_PRODUCTS_DIR;
		};
		E8DAE447171427B000B96A87 /* revvideograbber.bundle */ = {
			isa = PBXReferenceProxy;
			fileType = wrapper.cfbundle;
			path = revvideograbber.bundle;
			remoteRef = E8DAE446171427B000B96A87 /* PBXContainerItemProxy */;
			sourceTree = BUILT_PRODUCTS_DIR;
		};
		E8DAE450171427B500B96A87 /* revxml.bundle */ = {
			isa = PBXReferenceProxy;
			fileType = wrapper.cfbundle;
			path = revxml.bundle;
			remoteRef = E8DAE44F171427B500B96A87 /* PBXContainerItemProxy */;
			sourceTree = BUILT_PRODUCTS_DIR;
		};
		E8DAE45A171427BA00B96A87 /* revzip.bundle */ = {
			isa = PBXReferenceProxy;
			fileType = wrapper.cfbundle;
			path = revzip.bundle;
			remoteRef = E8DAE459171427BA00B96A87 /* PBXContainerItemProxy */;
			sourceTree = BUILT_PRODUCTS_DIR;
		};
		E8DAE45C171427BA00B96A87 /* server-revzip.dylib */ = {
			isa = PBXReferenceProxy;
			fileType = "compiled.mach-o.dylib";
			path = "server-revzip.dylib";
			remoteRef = E8DAE45B171427BA00B96A87 /* PBXContainerItemProxy */;
			sourceTree = BUILT_PRODUCTS_DIR;
		};
/* End PBXReferenceProxy section */

/* Begin PBXTargetDependency section */
		4D9B6AD917144CC5001349F2 /* PBXTargetDependency */ = {
			isa = PBXTargetDependency;
			name = revdb;
			targetProxy = 4D9B6AD817144CC5001349F2 /* PBXContainerItemProxy */;
		};
		4D9B6ADB17144CC5001349F2 /* PBXTargetDependency */ = {
			isa = PBXTargetDependency;
			name = dbsqlite;
			targetProxy = 4D9B6ADA17144CC5001349F2 /* PBXContainerItemProxy */;
		};
		4D9B6ADD17144CC5001349F2 /* PBXTargetDependency */ = {
			isa = PBXTargetDependency;
			name = dbmysql;
			targetProxy = 4D9B6ADC17144CC5001349F2 /* PBXContainerItemProxy */;
		};
		4D9B6ADF17144CC5001349F2 /* PBXTargetDependency */ = {
			isa = PBXTargetDependency;
			name = dbpostgresql;
			targetProxy = 4D9B6ADE17144CC5001349F2 /* PBXContainerItemProxy */;
		};
		4D9B6AE117144CC5001349F2 /* PBXTargetDependency */ = {
			isa = PBXTargetDependency;
			name = dbodbc;
			targetProxy = 4D9B6AE017144CC5001349F2 /* PBXContainerItemProxy */;
		};
		4D9B6AE317144CC5001349F2 /* PBXTargetDependency */ = {
			isa = PBXTargetDependency;
			name = "server-revdb";
			targetProxy = 4D9B6AE217144CC5001349F2 /* PBXContainerItemProxy */;
		};
		4D9B6AE517144CC5001349F2 /* PBXTargetDependency */ = {
			isa = PBXTargetDependency;
			name = "server-dbsqlite";
			targetProxy = 4D9B6AE417144CC5001349F2 /* PBXContainerItemProxy */;
		};
		4D9B6AE717144CC5001349F2 /* PBXTargetDependency */ = {
			isa = PBXTargetDependency;
			name = "server-dbmysql";
			targetProxy = 4D9B6AE617144CC5001349F2 /* PBXContainerItemProxy */;
		};
		4D9B6AE917144CC5001349F2 /* PBXTargetDependency */ = {
			isa = PBXTargetDependency;
			name = "server-dbpostgresql";
			targetProxy = 4D9B6AE817144CC5001349F2 /* PBXContainerItemProxy */;
		};
		4D9B6AEB17144CC5001349F2 /* PBXTargetDependency */ = {
			isa = PBXTargetDependency;
			name = "server-dbodbc";
			targetProxy = 4D9B6AEA17144CC5001349F2 /* PBXContainerItemProxy */;
		};
		4D9BF3D4171445BB00B32D29 /* PBXTargetDependency */ = {
			isa = PBXTargetDependency;
			name = "server-revzip";
			targetProxy = 4D9BF3D3171445BB00B32D29 /* PBXContainerItemProxy */;
		};
		4D9BF4C01714474E00B32D29 /* PBXTargetDependency */ = {
			isa = PBXTargetDependency;
			name = "server-revxml";
			targetProxy = 4D9BF4BF1714474E00B32D29 /* PBXContainerItemProxy */;
		};
		E8DAE479171428B100B96A87 /* PBXTargetDependency */ = {
			isa = PBXTargetDependency;
			name = LiveCode;
			targetProxy = E8DAE478171428B100B96A87 /* PBXContainerItemProxy */;
		};
		E8DAE47B171428B100B96A87 /* PBXTargetDependency */ = {
			isa = PBXTargetDependency;
			name = standalone;
			targetProxy = E8DAE47A171428B100B96A87 /* PBXContainerItemProxy */;
		};
		E8DAE47D171428B100B96A87 /* PBXTargetDependency */ = {
			isa = PBXTargetDependency;
			name = installer;
			targetProxy = E8DAE47C171428B100B96A87 /* PBXContainerItemProxy */;
		};
		E8DAE47F171428B100B96A87 /* PBXTargetDependency */ = {
			isa = PBXTargetDependency;
			name = server;
			targetProxy = E8DAE47E171428B100B96A87 /* PBXContainerItemProxy */;
		};
		E8DAE481171428B100B96A87 /* PBXTargetDependency */ = {
			isa = PBXTargetDependency;
			name = revandroid;
			targetProxy = E8DAE480171428B100B96A87 /* PBXContainerItemProxy */;
		};
		E8DAE483171428B100B96A87 /* PBXTargetDependency */ = {
			isa = PBXTargetDependency;
			name = revspeech;
			targetProxy = E8DAE482171428B100B96A87 /* PBXContainerItemProxy */;
		};
		E8DAE485171428B100B96A87 /* PBXTargetDependency */ = {
			isa = PBXTargetDependency;
			name = revxml;
			targetProxy = E8DAE484171428B100B96A87 /* PBXContainerItemProxy */;
		};
		E8DAE487171428B100B96A87 /* PBXTargetDependency */ = {
			isa = PBXTargetDependency;
			name = revbrowser;
			targetProxy = E8DAE486171428B100B96A87 /* PBXContainerItemProxy */;
		};
		E8DAE489171428B100B96A87 /* PBXTargetDependency */ = {
			isa = PBXTargetDependency;
			name = revzip;
			targetProxy = E8DAE488171428B100B96A87 /* PBXContainerItemProxy */;
		};
		E8DAE48B171428B100B96A87 /* PBXTargetDependency */ = {
			isa = PBXTargetDependency;
			name = reviphone;
			targetProxy = E8DAE48A171428B100B96A87 /* PBXContainerItemProxy */;
		};
		E8DAE48F171428B100B96A87 /* PBXTargetDependency */ = {
			isa = PBXTargetDependency;
			name = revpdfprinter;
			targetProxy = E8DAE48E171428B100B96A87 /* PBXContainerItemProxy */;
		};
		E8DAE491171428B100B96A87 /* PBXTargetDependency */ = {
			isa = PBXTargetDependency;
			name = revfont;
			targetProxy = E8DAE490171428B100B96A87 /* PBXContainerItemProxy */;
		};
		E8DAE493171428B100B96A87 /* PBXTargetDependency */ = {
			isa = PBXTargetDependency;
			name = revvideograbber;
			targetProxy = E8DAE492171428B100B96A87 /* PBXContainerItemProxy */;
		};
/* End PBXTargetDependency section */

/* Begin XCBuildConfiguration section */
		E8DAE3D81714259A00B96A87 /* Debug */ = {
			isa = XCBuildConfiguration;
			baseConfigurationReference = E8DAE4711714284E00B96A87 /* Debug.xcconfig */;
			buildSettings = {
				SOLUTION_DIR = "$(PROJECT_DIR)";
			};
			name = Debug;
		};
		E8DAE3D91714259A00B96A87 /* Release */ = {
			isa = XCBuildConfiguration;
			baseConfigurationReference = E8DAE4731714284E00B96A87 /* Release.xcconfig */;
			buildSettings = {
				SOLUTION_DIR = "$(PROJECT_DIR)";
			};
			name = Release;
		};
		E8DAE4761714288100B96A87 /* Debug */ = {
			isa = XCBuildConfiguration;
			buildSettings = {
				PRODUCT_NAME = "$(TARGET_NAME)";
			};
			name = Debug;
		};
		E8DAE4771714288100B96A87 /* Release */ = {
			isa = XCBuildConfiguration;
			buildSettings = {
				PRODUCT_NAME = "$(TARGET_NAME)";
			};
			name = Release;
		};
/* End XCBuildConfiguration section */

/* Begin XCConfigurationList section */
		E8DAE3D71714259A00B96A87 /* Build configuration list for PBXProject "stage" */ = {
			isa = XCConfigurationList;
			buildConfigurations = (
				E8DAE3D81714259A00B96A87 /* Debug */,
				E8DAE3D91714259A00B96A87 /* Release */,
			);
			defaultConfigurationIsVisible = 0;
			defaultConfigurationName = Release;
		};
		E8DAE4751714288100B96A87 /* Build configuration list for PBXAggregateTarget "all" */ = {
			isa = XCConfigurationList;
			buildConfigurations = (
				E8DAE4761714288100B96A87 /* Debug */,
				E8DAE4771714288100B96A87 /* Release */,
			);
			defaultConfigurationIsVisible = 0;
			defaultConfigurationName = Release;
		};
/* End XCConfigurationList section */
	};
	rootObject = E8DAE3D41714259A00B96A87 /* Project object */;
}
