// !$*UTF8*$!
{
	archiveVersion = 1;
	classes = {
	};
	objectVersion = 46;
	objects = {

/* Begin PBXBuildFile section */
		4D004DDC0BCF8FC500A70446 /* revvideograbber.cpp in Sources */ = {isa = PBXBuildFile; fileRef = 4D004BA60BCF765200A70446 /* revvideograbber.cpp */; };
		4D51507B0BCF90F800F73C6E /* libexternal.a in Frameworks */ = {isa = PBXBuildFile; fileRef = B55AFA1E0BCE905300E1F7F0 /* libexternal.a */; };
		4D57DF9E133A30440044FFEC /* rrecapture.m in Sources */ = {isa = PBXBuildFile; fileRef = 4D57DF9D133A30440044FFEC /* rrecapture.m */; };
		4D75BF1712FB597600C2C8E6 /* qtxvideograbber.mm in Sources */ = {isa = PBXBuildFile; fileRef = 4D75BF1612FB597600C2C8E6 /* qtxvideograbber.mm */; };
		4D75BF5212FB64AA00C2C8E6 /* Cocoa.framework in Frameworks */ = {isa = PBXBuildFile; fileRef = 4D75BF5112FB64AA00C2C8E6 /* Cocoa.framework */; };
		4D75C07D12FB700700C2C8E6 /* QTKit.framework in Frameworks */ = {isa = PBXBuildFile; fileRef = 4D75C07C12FB700700C2C8E6 /* QTKit.framework */; };
		4D81C4900D7824F4004EC824 /* qtvideograbber.cpp in Sources */ = {isa = PBXBuildFile; fileRef = 4D81C48E0D7824F4004EC824 /* qtvideograbber.cpp */; };
		4D81C49A0D782534004EC824 /* QuickTime.framework in Frameworks */ = {isa = PBXBuildFile; fileRef = 4D81C4990D782534004EC824 /* QuickTime.framework */; };
		4D84DA1E132BA4EB004604F7 /* qtxcapture.mm in Sources */ = {isa = PBXBuildFile; fileRef = 4D84DA1D132BA4EB004604F7 /* qtxcapture.mm */; };
		4D84DC32132C100A004604F7 /* CoreVideo.framework in Frameworks */ = {isa = PBXBuildFile; fileRef = 4D84DC31132C100A004604F7 /* CoreVideo.framework */; };
		4D84DC72132C17E4004604F7 /* Quartz.framework in Frameworks */ = {isa = PBXBuildFile; fileRef = 4D84DC71132C17E4004604F7 /* Quartz.framework */; };
		4DCC87D8133C8A6F00C26C4D /* revcapture.mm in Sources */ = {isa = PBXBuildFile; fileRef = 4DCC87D7133C8A6F00C26C4D /* revcapture.mm */; };
/* End PBXBuildFile section */

/* Begin PBXContainerItemProxy section */
		4D41477D120431AE0088006F /* PBXContainerItemProxy */ = {
			isa = PBXContainerItemProxy;
			containerPortal = 4D51518C0BCF96B700F73C6E /* engine.xcodeproj */;
			proxyType = 2;
			remoteGlobalIDString = 4D2A57D81198634300135143;
			remoteInfo = installer;
		};
		4D414781120431AE0088006F /* PBXContainerItemProxy */ = {
			isa = PBXContainerItemProxy;
			containerPortal = 4D51518C0BCF96B700F73C6E /* engine.xcodeproj */;
			proxyType = 2;
			remoteGlobalIDString = 4DEE29F60FDE41BE0009423C;
			remoteInfo = kernel;
		};
		4D5151950BCF96B700F73C6E /* PBXContainerItemProxy */ = {
			isa = PBXContainerItemProxy;
			containerPortal = 4D51518C0BCF96B700F73C6E /* engine.xcodeproj */;
			proxyType = 2;
			remoteGlobalIDString = 4D587DA20B80945B00200116;
			remoteInfo = revolution;
		};
		4D51519F0BCF96B700F73C6E /* PBXContainerItemProxy */ = {
			isa = PBXContainerItemProxy;
			containerPortal = 4D51518C0BCF96B700F73C6E /* engine.xcodeproj */;
			proxyType = 2;
			remoteGlobalIDString = 4DE18D930B82296A0086DB92;
			remoteInfo = standalone;
		};
		B28449831799E9F100E27E26 /* PBXContainerItemProxy */ = {
			isa = PBXContainerItemProxy;
			containerPortal = 4D51518C0BCF96B700F73C6E /* engine.xcodeproj */;
			proxyType = 2;
			remoteGlobalIDString = 4D1F9D17171C67B00091C6CB;
			remoteInfo = "kernel-server";
		};
		B28449851799E9F100E27E26 /* PBXContainerItemProxy */ = {
			isa = PBXContainerItemProxy;
			containerPortal = 4D51518C0BCF96B700F73C6E /* engine.xcodeproj */;
			proxyType = 2;
			remoteGlobalIDString = 4D221A9E171D58A700E7E557;
			remoteInfo = "kernel-development";
		};
		B28449871799E9F100E27E26 /* PBXContainerItemProxy */ = {
			isa = PBXContainerItemProxy;
			containerPortal = 4D51518C0BCF96B700F73C6E /* engine.xcodeproj */;
			proxyType = 2;
			remoteGlobalIDString = 4D221AF6171D5EC500E7E557;
			remoteInfo = "kernel-standalone";
		};
		B28449891799E9F100E27E26 /* PBXContainerItemProxy */ = {
			isa = PBXContainerItemProxy;
			containerPortal = 4D51518C0BCF96B700F73C6E /* engine.xcodeproj */;
			proxyType = 2;
			remoteGlobalIDString = 4D1F9C2E171C64320091C6CB;
			remoteInfo = "security-community";
		};
		B55AFA1D0BCE905300E1F7F0 /* PBXContainerItemProxy */ = {
			isa = PBXContainerItemProxy;
			containerPortal = B55AFA190BCE905300E1F7F0 /* libexternal.xcodeproj */;
			proxyType = 2;
			remoteGlobalIDString = 4DF42A430B048617003F2D95;
			remoteInfo = external;
		};
		B55AFA290BCE906F00E1F7F0 /* PBXContainerItemProxy */ = {
			isa = PBXContainerItemProxy;
			containerPortal = B55AFA190BCE905300E1F7F0 /* libexternal.xcodeproj */;
			proxyType = 1;
			remoteGlobalIDString = 4DF42A420B048617003F2D95;
			remoteInfo = external;
		};
		E88527641704974200CEFCC5 /* PBXContainerItemProxy */ = {
			isa = PBXContainerItemProxy;
			containerPortal = 4D51518C0BCF96B700F73C6E /* engine.xcodeproj */;
			proxyType = 2;
			remoteGlobalIDString = 4DFD483E13BA2843008DB91F;
			remoteInfo = server;
		};
/* End PBXContainerItemProxy section */

/* Begin PBXFileReference section */
		4D004BA60BCF765200A70446 /* revvideograbber.cpp */ = {isa = PBXFileReference; fileEncoding = 30; lastKnownFileType = sourcecode.cpp.cpp; name = revvideograbber.cpp; path = src/revvideograbber.cpp; sourceTree = "<group>"; };
		4D004BB30BCF765200A70446 /* revvideograbber.h */ = {isa = PBXFileReference; fileEncoding = 30; lastKnownFileType = sourcecode.c.h; name = revvideograbber.h; path = src/revvideograbber.h; sourceTree = "<group>"; };
		4D51518C0BCF96B700F73C6E /* engine.xcodeproj */ = {isa = PBXFileReference; lastKnownFileType = "wrapper.pb-project"; name = engine.xcodeproj; path = ../engine/engine.xcodeproj; sourceTree = SOURCE_ROOT; };
		4D57DF9D133A30440044FFEC /* rrecapture.m */ = {isa = PBXFileReference; fileEncoding = 4; lastKnownFileType = sourcecode.c.objc; name = rrecapture.m; path = src/rrecapture.m; sourceTree = "<group>"; };
		4D6758E00A79F97300FA96D2 /* Debug.xcconfig */ = {isa = PBXFileReference; fileEncoding = 30; lastKnownFileType = text.xcconfig; name = Debug.xcconfig; path = ../rules/Debug.xcconfig; sourceTree = SOURCE_ROOT; };
		4D6758E30A79F97300FA96D2 /* Release.xcconfig */ = {isa = PBXFileReference; fileEncoding = 30; lastKnownFileType = text.xcconfig; name = Release.xcconfig; path = ../rules/Release.xcconfig; sourceTree = SOURCE_ROOT; };
		4D6758FE0A79F9A400FA96D2 /* revvideograbber.bundle */ = {isa = PBXFileReference; explicitFileType = wrapper.cfbundle; includeInIndex = 0; path = revvideograbber.bundle; sourceTree = BUILT_PRODUCTS_DIR; };
		4D75BF1612FB597600C2C8E6 /* qtxvideograbber.mm */ = {isa = PBXFileReference; fileEncoding = 4; lastKnownFileType = sourcecode.cpp.objcpp; name = qtxvideograbber.mm; path = src/qtxvideograbber.mm; sourceTree = "<group>"; };
		4D75BF1812FB598600C2C8E6 /* qtxvideograbber.h */ = {isa = PBXFileReference; fileEncoding = 4; lastKnownFileType = sourcecode.c.h; name = qtxvideograbber.h; path = src/qtxvideograbber.h; sourceTree = "<group>"; };
		4D75BF5112FB64AA00C2C8E6 /* Cocoa.framework */ = {isa = PBXFileReference; lastKnownFileType = wrapper.framework; name = Cocoa.framework; path = System/Library/Frameworks/Cocoa.framework; sourceTree = SDKROOT; };
		4D75C07C12FB700700C2C8E6 /* QTKit.framework */ = {isa = PBXFileReference; lastKnownFileType = wrapper.framework; name = QTKit.framework; path = System/Library/Frameworks/QTKit.framework; sourceTree = SDKROOT; };
		4D81C48E0D7824F4004EC824 /* qtvideograbber.cpp */ = {isa = PBXFileReference; fileEncoding = 4; lastKnownFileType = sourcecode.cpp.cpp; name = qtvideograbber.cpp; path = src/qtvideograbber.cpp; sourceTree = "<group>"; };
		4D81C48F0D7824F4004EC824 /* qtvideograbber.h */ = {isa = PBXFileReference; fileEncoding = 4; lastKnownFileType = sourcecode.c.h; name = qtvideograbber.h; path = src/qtvideograbber.h; sourceTree = "<group>"; };
		4D81C4990D782534004EC824 /* QuickTime.framework */ = {isa = PBXFileReference; lastKnownFileType = wrapper.framework; name = QuickTime.framework; path = /System/Library/Frameworks/QuickTime.framework; sourceTree = "<absolute>"; };
		4D84DA19132B90A6004604F7 /* revcapture.h */ = {isa = PBXFileReference; fileEncoding = 4; lastKnownFileType = sourcecode.c.h; name = revcapture.h; path = src/revcapture.h; sourceTree = "<group>"; };
		4D84DA1D132BA4EB004604F7 /* qtxcapture.mm */ = {isa = PBXFileReference; fileEncoding = 4; lastKnownFileType = sourcecode.cpp.objcpp; name = qtxcapture.mm; path = src/qtxcapture.mm; sourceTree = "<group>"; };
		4D84DC31132C100A004604F7 /* CoreVideo.framework */ = {isa = PBXFileReference; lastKnownFileType = wrapper.framework; name = CoreVideo.framework; path = System/Library/Frameworks/CoreVideo.framework; sourceTree = SDKROOT; };
		4D84DC71132C17E4004604F7 /* Quartz.framework */ = {isa = PBXFileReference; lastKnownFileType = wrapper.framework; name = Quartz.framework; path = System/Library/Frameworks/Quartz.framework; sourceTree = SDKROOT; };
		4D8E58A60D92AFB80004D7E1 /* videograbber.h */ = {isa = PBXFileReference; fileEncoding = 4; lastKnownFileType = sourcecode.c.h; name = videograbber.h; path = src/videograbber.h; sourceTree = "<group>"; };
		4DCC87D7133C8A6F00C26C4D /* revcapture.mm */ = {isa = PBXFileReference; fileEncoding = 4; lastKnownFileType = sourcecode.cpp.objcpp; name = revcapture.mm; path = src/revcapture.mm; sourceTree = "<group>"; };
		B55AFA190BCE905300E1F7F0 /* libexternal.xcodeproj */ = {isa = PBXFileReference; lastKnownFileType = "wrapper.pb-project"; name = libexternal.xcodeproj; path = ../libexternal/libexternal.xcodeproj; sourceTree = SOURCE_ROOT; };
		B55AFA270BCE906200E1F7F0 /* revvideograbber-Info.plist */ = {isa = PBXFileReference; fileEncoding = 12; lastKnownFileType = text.plist.xml; name = "revvideograbber-Info.plist"; path = "rsrc/revvideograbber-Info.plist"; sourceTree = "<group>"; };
		E88527781704978F00CEFCC5 /* dsDlgFunc.cpp */ = {isa = PBXFileReference; fileEncoding = 4; lastKnownFileType = sourcecode.cpp.cpp; name = dsDlgFunc.cpp; path = src/dsDlgFunc.cpp; sourceTree = "<group>"; };
		E885277C1704978F00CEFCC5 /* dsvideograbber.cpp */ = {isa = PBXFileReference; fileEncoding = 4; lastKnownFileType = sourcecode.cpp.cpp; name = dsvideograbber.cpp; path = src/dsvideograbber.cpp; sourceTree = "<group>"; };
		E885277D1704978F00CEFCC5 /* dsvideograbber.h */ = {isa = PBXFileReference; fileEncoding = 4; lastKnownFileType = sourcecode.c.h; name = dsvideograbber.h; path = src/dsvideograbber.h; sourceTree = "<group>"; };
		E885277E1704978F00CEFCC5 /* mcivideograbber.cpp */ = {isa = PBXFileReference; fileEncoding = 4; lastKnownFileType = sourcecode.cpp.cpp; name = mcivideograbber.cpp; path = src/mcivideograbber.cpp; sourceTree = "<group>"; };
		E885277F1704978F00CEFCC5 /* mcivideograbber.h */ = {isa = PBXFileReference; fileEncoding = 4; lastKnownFileType = sourcecode.c.h; name = mcivideograbber.h; path = src/mcivideograbber.h; sourceTree = "<group>"; };
/* End PBXFileReference section */

/* Begin PBXFrameworksBuildPhase section */
		4D6758FC0A79F9A400FA96D2 /* Frameworks */ = {
			isa = PBXFrameworksBuildPhase;
			buildActionMask = 2147483647;
			files = (
				4D51507B0BCF90F800F73C6E /* libexternal.a in Frameworks */,
				4D81C49A0D782534004EC824 /* QuickTime.framework in Frameworks */,
				4D75BF5212FB64AA00C2C8E6 /* Cocoa.framework in Frameworks */,
				4D75C07D12FB700700C2C8E6 /* QTKit.framework in Frameworks */,
				4D84DC32132C100A004604F7 /* CoreVideo.framework in Frameworks */,
				4D84DC72132C17E4004604F7 /* Quartz.framework in Frameworks */,
			);
			runOnlyForDeploymentPostprocessing = 0;
		};
/* End PBXFrameworksBuildPhase section */

/* Begin PBXGroup section */
		4D51518D0BCF96B700F73C6E /* Products */ = {
			isa = PBXGroup;
			children = (
				4D414782120431AE0088006F /* libkernel.a */,
				B28449841799E9F100E27E26 /* libkernel-server.a */,
				B28449861799E9F100E27E26 /* libkernel-development.a */,
				B28449881799E9F100E27E26 /* libkernel-standalone.a */,
				B284498A1799E9F100E27E26 /* libsecurity-community.a */,
				4D5151960BCF96B700F73C6E /* LiveCode.app */,
				4D5151A00BCF96B700F73C6E /* Standalone.app */,
				E88527651704974200CEFCC5 /* server */,
				4D41477E120431AE0088006F /* Installer.app */,
			);
			name = Products;
			sourceTree = "<group>";
		};
		4D6758CD0A79F96300FA96D2 = {
			isa = PBXGroup;
			children = (
				4D6759060A79FA0B00FA96D2 /* Sources */,
				4D6759050A79F9AB00FA96D2 /* Resources */,
				4D6758E40A79F97700FA96D2 /* Projects */,
				4D6758D90A79F96800FA96D2 /* Configurations */,
				4D6758FF0A79F9A400FA96D2 /* Products */,
				4D75BF5112FB64AA00C2C8E6 /* Cocoa.framework */,
				4D75C07C12FB700700C2C8E6 /* QTKit.framework */,
				4D81C4990D782534004EC824 /* QuickTime.framework */,
				4D84DC31132C100A004604F7 /* CoreVideo.framework */,
				4D84DC71132C17E4004604F7 /* Quartz.framework */,
			);
			sourceTree = "<group>";
		};
		4D6758D90A79F96800FA96D2 /* Configurations */ = {
			isa = PBXGroup;
			children = (
				4D6758E00A79F97300FA96D2 /* Debug.xcconfig */,
				4D6758E30A79F97300FA96D2 /* Release.xcconfig */,
			);
			name = Configurations;
			sourceTree = "<group>";
		};
		4D6758E40A79F97700FA96D2 /* Projects */ = {
			isa = PBXGroup;
			children = (
				4D51518C0BCF96B700F73C6E /* engine.xcodeproj */,
				B55AFA190BCE905300E1F7F0 /* libexternal.xcodeproj */,
			);
			name = Projects;
			sourceTree = "<group>";
		};
		4D6758FF0A79F9A400FA96D2 /* Products */ = {
			isa = PBXGroup;
			children = (
				4D6758FE0A79F9A400FA96D2 /* revvideograbber.bundle */,
			);
			name = Products;
			sourceTree = "<group>";
		};
		4D6759050A79F9AB00FA96D2 /* Resources */ = {
			isa = PBXGroup;
			children = (
				B55AFA270BCE906200E1F7F0 /* revvideograbber-Info.plist */,
			);
			name = Resources;
			sourceTree = "<group>";
		};
		4D6759060A79FA0B00FA96D2 /* Sources */ = {
			isa = PBXGroup;
			children = (
				E88527781704978F00CEFCC5 /* dsDlgFunc.cpp */,
				E885277C1704978F00CEFCC5 /* dsvideograbber.cpp */,
				E885277D1704978F00CEFCC5 /* dsvideograbber.h */,
				E885277E1704978F00CEFCC5 /* mcivideograbber.cpp */,
				E885277F1704978F00CEFCC5 /* mcivideograbber.h */,
				4D8E58A60D92AFB80004D7E1 /* videograbber.h */,
				4D81C48E0D7824F4004EC824 /* qtvideograbber.cpp */,
				4D81C48F0D7824F4004EC824 /* qtvideograbber.h */,
				4D004BA60BCF765200A70446 /* revvideograbber.cpp */,
				4D004BB30BCF765200A70446 /* revvideograbber.h */,
				4D75BF1612FB597600C2C8E6 /* qtxvideograbber.mm */,
				4D75BF1812FB598600C2C8E6 /* qtxvideograbber.h */,
				4D84DA19132B90A6004604F7 /* revcapture.h */,
				4DCC87D7133C8A6F00C26C4D /* revcapture.mm */,
				4D84DA1D132BA4EB004604F7 /* qtxcapture.mm */,
				4D57DF9D133A30440044FFEC /* rrecapture.m */,
			);
			name = Sources;
			sourceTree = "<group>";
		};
		B55AFA1A0BCE905300E1F7F0 /* Products */ = {
			isa = PBXGroup;
			children = (
				B55AFA1E0BCE905300E1F7F0 /* libexternal.a */,
			);
			name = Products;
			sourceTree = "<group>";
		};
/* End PBXGroup section */

/* Begin PBXNativeTarget section */
		4D6758FD0A79F9A400FA96D2 /* revvideograbber */ = {
			isa = PBXNativeTarget;
			buildConfigurationList = 4D6759020A79F9A400FA96D2 /* Build configuration list for PBXNativeTarget "revvideograbber" */;
			buildPhases = (
				4D6758FA0A79F9A400FA96D2 /* Resources */,
				4D6758FB0A79F9A400FA96D2 /* Sources */,
				4D6758FC0A79F9A400FA96D2 /* Frameworks */,
			);
			buildRules = (
			);
			dependencies = (
				B55AFA2A0BCE906F00E1F7F0 /* PBXTargetDependency */,
			);
			name = revvideograbber;
			productName = revvideograbber;
			productReference = 4D6758FE0A79F9A400FA96D2 /* revvideograbber.bundle */;
			productType = "com.apple.product-type.bundle";
		};
/* End PBXNativeTarget section */

/* Begin PBXProject section */
		4D6758CF0A79F96300FA96D2 /* Project object */ = {
			isa = PBXProject;
			buildConfigurationList = 4D6758D00A79F96300FA96D2 /* Build configuration list for PBXProject "revvideograbber" */;
			compatibilityVersion = "Xcode 3.2";
			developmentRegion = English;
			hasScannedForEncodings = 0;
			knownRegions = (
				English,
				Japanese,
				French,
				German,
			);
			mainGroup = 4D6758CD0A79F96300FA96D2;
			productRefGroup = 4D6758FF0A79F9A400FA96D2 /* Products */;
			projectDirPath = "";
			projectReferences = (
				{
					ProductGroup = 4D51518D0BCF96B700F73C6E /* Products */;
					ProjectRef = 4D51518C0BCF96B700F73C6E /* engine.xcodeproj */;
				},
				{
					ProductGroup = B55AFA1A0BCE905300E1F7F0 /* Products */;
					ProjectRef = B55AFA190BCE905300E1F7F0 /* libexternal.xcodeproj */;
				},
			);
			projectRoot = "";
			targets = (
				4D6758FD0A79F9A400FA96D2 /* revvideograbber */,
			);
		};
/* End PBXProject section */

/* Begin PBXReferenceProxy section */
		4D41477E120431AE0088006F /* Installer.app */ = {
			isa = PBXReferenceProxy;
			fileType = wrapper.application;
			path = Installer.app;
			remoteRef = 4D41477D120431AE0088006F /* PBXContainerItemProxy */;
			sourceTree = BUILT_PRODUCTS_DIR;
		};
		4D414782120431AE0088006F /* libkernel.a */ = {
			isa = PBXReferenceProxy;
			fileType = archive.ar;
			path = libkernel.a;
			remoteRef = 4D414781120431AE0088006F /* PBXContainerItemProxy */;
			sourceTree = BUILT_PRODUCTS_DIR;
		};
		4D5151960BCF96B700F73C6E /* LiveCode.app */ = {
			isa = PBXReferenceProxy;
			fileType = wrapper.application;
			path = "LiveCode-Community.app";
			remoteRef = 4D5151950BCF96B700F73C6E /* PBXContainerItemProxy */;
			sourceTree = BUILT_PRODUCTS_DIR;
		};
		4D5151A00BCF96B700F73C6E /* Standalone.app */ = {
			isa = PBXReferenceProxy;
			fileType = wrapper.application;
			path = "Standalone-Community.app";
			remoteRef = 4D51519F0BCF96B700F73C6E /* PBXContainerItemProxy */;
			sourceTree = BUILT_PRODUCTS_DIR;
		};
		B28449841799E9F100E27E26 /* libkernel-server.a */ = {
			isa = PBXReferenceProxy;
			fileType = archive.ar;
			path = "libkernel-server.a";
			remoteRef = B28449831799E9F100E27E26 /* PBXContainerItemProxy */;
			sourceTree = BUILT_PRODUCTS_DIR;
		};
		B28449861799E9F100E27E26 /* libkernel-development.a */ = {
			isa = PBXReferenceProxy;
			fileType = archive.ar;
			path = "libkernel-development.a";
			remoteRef = B28449851799E9F100E27E26 /* PBXContainerItemProxy */;
			sourceTree = BUILT_PRODUCTS_DIR;
		};
		B28449881799E9F100E27E26 /* libkernel-standalone.a */ = {
			isa = PBXReferenceProxy;
			fileType = archive.ar;
			path = "libkernel-standalone.a";
			remoteRef = B28449871799E9F100E27E26 /* PBXContainerItemProxy */;
			sourceTree = BUILT_PRODUCTS_DIR;
		};
		B284498A1799E9F100E27E26 /* libsecurity-community.a */ = {
			isa = PBXReferenceProxy;
			fileType = archive.ar;
			path = "libsecurity-community.a";
			remoteRef = B28449891799E9F100E27E26 /* PBXContainerItemProxy */;
			sourceTree = BUILT_PRODUCTS_DIR;
		};
		B55AFA1E0BCE905300E1F7F0 /* libexternal.a */ = {
			isa = PBXReferenceProxy;
			fileType = archive.ar;
			path = libexternal.a;
			remoteRef = B55AFA1D0BCE905300E1F7F0 /* PBXContainerItemProxy */;
			sourceTree = BUILT_PRODUCTS_DIR;
		};
		E88527651704974200CEFCC5 /* server */ = {
			isa = PBXReferenceProxy;
			fileType = "compiled.mach-o.executable";
			path = "Server-Community";
			remoteRef = E88527641704974200CEFCC5 /* PBXContainerItemProxy */;
			sourceTree = BUILT_PRODUCTS_DIR;
		};
/* End PBXReferenceProxy section */

/* Begin PBXResourcesBuildPhase section */
		4D6758FA0A79F9A400FA96D2 /* Resources */ = {
			isa = PBXResourcesBuildPhase;
			buildActionMask = 2147483647;
			files = (
			);
			runOnlyForDeploymentPostprocessing = 0;
		};
/* End PBXResourcesBuildPhase section */

/* Begin PBXSourcesBuildPhase section */
		4D6758FB0A79F9A400FA96D2 /* Sources */ = {
			isa = PBXSourcesBuildPhase;
			buildActionMask = 2147483647;
			files = (
				4D004DDC0BCF8FC500A70446 /* revvideograbber.cpp in Sources */,
				4D81C4900D7824F4004EC824 /* qtvideograbber.cpp in Sources */,
				4D75BF1712FB597600C2C8E6 /* qtxvideograbber.mm in Sources */,
				4D84DA1E132BA4EB004604F7 /* qtxcapture.mm in Sources */,
				4D57DF9E133A30440044FFEC /* rrecapture.m in Sources */,
				4DCC87D8133C8A6F00C26C4D /* revcapture.mm in Sources */,
			);
			runOnlyForDeploymentPostprocessing = 0;
		};
/* End PBXSourcesBuildPhase section */

/* Begin PBXTargetDependency section */
		B55AFA2A0BCE906F00E1F7F0 /* PBXTargetDependency */ = {
			isa = PBXTargetDependency;
			name = external;
			targetProxy = B55AFA290BCE906F00E1F7F0 /* PBXContainerItemProxy */;
		};
/* End PBXTargetDependency section */

/* Begin XCBuildConfiguration section */
		4D6758D10A79F96300FA96D2 /* Debug */ = {
			isa = XCBuildConfiguration;
			baseConfigurationReference = 4D6758E00A79F97300FA96D2 /* Debug.xcconfig */;
			buildSettings = {
			};
			name = Debug;
		};
		4D6758D20A79F96300FA96D2 /* Release */ = {
			isa = XCBuildConfiguration;
			baseConfigurationReference = 4D6758E30A79F97300FA96D2 /* Release.xcconfig */;
			buildSettings = {
			};
			name = Release;
		};
		4D6759030A79F9A400FA96D2 /* Debug */ = {
			isa = XCBuildConfiguration;
			buildSettings = {
				EXPORTED_SYMBOLS_FILE = revvideograbber.exports;
				INFOPLIST_FILE = "rsrc/revvideograbber-Info.plist";
				OTHER_LDFLAGS = (
					"-framework",
					Carbon,
				);
				PRODUCT_NAME = revvideograbber;
				WRAPPER_EXTENSION = bundle;
			};
			name = Debug;
		};
		4D6759040A79F9A400FA96D2 /* Release */ = {
			isa = XCBuildConfiguration;
			buildSettings = {
				EXPORTED_SYMBOLS_FILE = revvideograbber.exports;
				INFOPLIST_FILE = "rsrc/revvideograbber-Info.plist";
				OTHER_LDFLAGS = (
					"-framework",
					Carbon,
				);
				PRODUCT_NAME = revvideograbber;
				WRAPPER_EXTENSION = bundle;
			};
			name = Release;
		};
/* End XCBuildConfiguration section */

/* Begin XCConfigurationList section */
		4D6758D00A79F96300FA96D2 /* Build configuration list for PBXProject "revvideograbber" */ = {
			isa = XCConfigurationList;
			buildConfigurations = (
				4D6758D10A79F96300FA96D2 /* Debug */,
				4D6758D20A79F96300FA96D2 /* Release */,
			);
			defaultConfigurationIsVisible = 0;
			defaultConfigurationName = Release;
		};
		4D6759020A79F9A400FA96D2 /* Build configuration list for PBXNativeTarget "revvideograbber" */ = {
			isa = XCConfigurationList;
			buildConfigurations = (
				4D6759030A79F9A400FA96D2 /* Debug */,
				4D6759040A79F9A400FA96D2 /* Release */,
			);
			defaultConfigurationIsVisible = 0;
			defaultConfigurationName = Release;
		};
/* End XCConfigurationList section */
	};
	rootObject = 4D6758CF0A79F96300FA96D2 /* Project object */;
}
